
Microsoft Visual Studio Solution File, Format Version 12.00
# Visual Studio Version 16
VisualStudioVersion = 16.0.31320.298
MinimumVisualStudioVersion = 10.0.40219.1
Project("{D954291E-2A0B-460D-934E-DC6B0785DB48}") = "MyApp.Shared", "MyApp.Shared\MyApp.Shared.shproj", "{6279C845-92F8-4333-AB99-3D213163593C}"
EndProject
Project("{2150E333-8FDC-42A3-9474-1A3956D46DE8}") = "Platforms", "Platforms", "{BF8AB0ED-002A-4A8D-86F7-9814EBCB732F}"
EndProject
Project("{FAE04EC0-301F-11D3-BF4B-00C04F79EFBC}") = "MyApp.Droid", "MyApp.Droid\MyApp.Droid.csproj", "{D91E578B-95E7-4727-940E-CE60B8E69EBF}"
EndProject
Project("{FAE04EC0-301F-11D3-BF4B-00C04F79EFBC}") = "MyApp.iOS", "MyApp.iOS\MyApp.iOS.csproj", "{E374CF42-3590-4DEF-80EE-45E5200B0196}"
EndProject
Project("{FAE04EC0-301F-11D3-BF4B-00C04F79EFBC}") = "MyApp.UWP", "MyApp.UWP\MyApp.UWP.csproj", "{161B0C07-EA6A-4FC4-937B-A269E3706370}"
EndProject
Project("{FAE04EC0-301F-11D3-BF4B-00C04F79EFBC}") = "MyApp.Wasm", "MyApp.Wasm\MyApp.Wasm.csproj", "{05EF26F9-16BF-4254-93F9-5E18CCC16574}"
EndProject
Project("{FAE04EC0-301F-11D3-BF4B-00C04F79EFBC}") = "MyApp.macOS", "MyApp.macOS\MyApp.macOS.csproj", "{4B2BE5E8-D08D-487A-931A-E68F092BD106}"
EndProject
Project("{FAE04EC0-301F-11D3-BF4B-00C04F79EFBC}") = "MyApp.Skia.Wpf.Host", "MyApp.Skia.Wpf.Host\MyApp.Skia.Wpf.Host.csproj", "{63AAE51C-688B-4462-8B64-157DEBAB770A}"
EndProject
Project("{FAE04EC0-301F-11D3-BF4B-00C04F79EFBC}") = "MyApp.Skia.Wpf", "MyApp.Skia.Wpf\MyApp.Skia.Wpf.csproj", "{EF91472A-8BE6-40C4-A26D-0A40704B8F91}"
EndProject
Project("{FAE04EC0-301F-11D3-BF4B-00C04F79EFBC}") = "MyApp.Skia.Gtk", "MyApp.Skia.Gtk\MyApp.Skia.Gtk.csproj", "{932DD5AF-687A-4C71-86C1-719792B0B49D}"
EndProject
Project("{FAE04EC0-301F-11D3-BF4B-00C04F79EFBC}") = "MyApp.Skia.Tizen", "MyApp.Skia.Tizen\MyApp.Skia.Tizen.csproj", "{54BC681D-35D7-44CF-8C71-9C8D1AE4ACE1}"
EndProject
Global
	GlobalSection(SharedMSBuildProjectFiles) = preSolution
		MyApp.Shared\MyApp.Shared.projitems*{05ef26f9-16bf-4254-93f9-5e18ccc16574}*SharedItemsImports = 5
		MyApp.Shared\MyApp.Shared.projitems*{161b0c07-ea6a-4fc4-937b-a269e3706370}*SharedItemsImports = 4
		MyApp.Shared\MyApp.Shared.projitems*{4b2be5e8-d08d-487a-931a-e68f092bd106}*SharedItemsImports = 4
		MyApp.Shared\MyApp.Shared.projitems*{54bc681d-35d7-44cf-8c71-9c8d1ae4ace1}*SharedItemsImports = 5
		MyApp.Shared\MyApp.Shared.projitems*{6279c845-92f8-4333-ab99-3d213163593c}*SharedItemsImports = 13
		MyApp.Shared\MyApp.Shared.projitems*{932dd5af-687a-4c71-86c1-719792b0b49d}*SharedItemsImports = 5
		MyApp.Shared\MyApp.Shared.projitems*{d91e578b-95e7-4727-940e-ce60b8e69ebf}*SharedItemsImports = 4
		MyApp.Shared\MyApp.Shared.projitems*{e374cf42-3590-4def-80ee-45e5200b0196}*SharedItemsImports = 4
		MyApp.Shared\MyApp.Shared.projitems*{ef91472a-8be6-40c4-a26d-0a40704b8f91}*SharedItemsImports = 5
	EndGlobalSection
	GlobalSection(SolutionConfigurationPlatforms) = preSolution
		Ad-Hoc|Any CPU = Ad-Hoc|Any CPU
		Ad-Hoc|ARM = Ad-Hoc|ARM
		Ad-Hoc|ARM64 = Ad-Hoc|ARM64
		Ad-Hoc|iPhone = Ad-Hoc|iPhone
		Ad-Hoc|iPhoneSimulator = Ad-Hoc|iPhoneSimulator
		Ad-Hoc|x64 = Ad-Hoc|x64
		Ad-Hoc|x86 = Ad-Hoc|x86
		AppStore|Any CPU = AppStore|Any CPU
		AppStore|ARM = AppStore|ARM
		AppStore|ARM64 = AppStore|ARM64
		AppStore|iPhone = AppStore|iPhone
		AppStore|iPhoneSimulator = AppStore|iPhoneSimulator
		AppStore|x64 = AppStore|x64
		AppStore|x86 = AppStore|x86
		Debug|Any CPU = Debug|Any CPU
		Debug|ARM = Debug|ARM
		Debug|ARM64 = Debug|ARM64
		Debug|iPhone = Debug|iPhone
		Debug|iPhoneSimulator = Debug|iPhoneSimulator
		Debug|x64 = Debug|x64
		Debug|x86 = Debug|x86
		Release|Any CPU = Release|Any CPU
		Release|ARM = Release|ARM
		Release|ARM64 = Release|ARM64
		Release|iPhone = Release|iPhone
		Release|iPhoneSimulator = Release|iPhoneSimulator
		Release|x64 = Release|x64
		Release|x86 = Release|x86
	EndGlobalSection
	GlobalSection(ProjectConfigurationPlatforms) = postSolution
		{D91E578B-95E7-4727-940E-CE60B8E69EBF}.Ad-Hoc|Any CPU.ActiveCfg = Debug|Any CPU
		{D91E578B-95E7-4727-940E-CE60B8E69EBF}.Ad-Hoc|Any CPU.Build.0 = Debug|Any CPU
		{D91E578B-95E7-4727-940E-CE60B8E69EBF}.Ad-Hoc|Any CPU.Deploy.0 = Debug|Any CPU
		{D91E578B-95E7-4727-940E-CE60B8E69EBF}.Ad-Hoc|ARM.ActiveCfg = Debug|Any CPU
		{D91E578B-95E7-4727-940E-CE60B8E69EBF}.Ad-Hoc|ARM.Build.0 = Debug|Any CPU
		{D91E578B-95E7-4727-940E-CE60B8E69EBF}.Ad-Hoc|ARM.Deploy.0 = Debug|Any CPU
		{D91E578B-95E7-4727-940E-CE60B8E69EBF}.Ad-Hoc|ARM64.ActiveCfg = Debug|Any CPU
		{D91E578B-95E7-4727-940E-CE60B8E69EBF}.Ad-Hoc|ARM64.Build.0 = Debug|Any CPU
		{D91E578B-95E7-4727-940E-CE60B8E69EBF}.Ad-Hoc|ARM64.Deploy.0 = Debug|Any CPU
		{D91E578B-95E7-4727-940E-CE60B8E69EBF}.Ad-Hoc|iPhone.ActiveCfg = Debug|Any CPU
		{D91E578B-95E7-4727-940E-CE60B8E69EBF}.Ad-Hoc|iPhone.Build.0 = Debug|Any CPU
		{D91E578B-95E7-4727-940E-CE60B8E69EBF}.Ad-Hoc|iPhone.Deploy.0 = Debug|Any CPU
		{D91E578B-95E7-4727-940E-CE60B8E69EBF}.Ad-Hoc|iPhoneSimulator.ActiveCfg = Debug|Any CPU
		{D91E578B-95E7-4727-940E-CE60B8E69EBF}.Ad-Hoc|iPhoneSimulator.Build.0 = Debug|Any CPU
		{D91E578B-95E7-4727-940E-CE60B8E69EBF}.Ad-Hoc|iPhoneSimulator.Deploy.0 = Debug|Any CPU
		{D91E578B-95E7-4727-940E-CE60B8E69EBF}.Ad-Hoc|x64.ActiveCfg = Debug|Any CPU
		{D91E578B-95E7-4727-940E-CE60B8E69EBF}.Ad-Hoc|x64.Build.0 = Debug|Any CPU
		{D91E578B-95E7-4727-940E-CE60B8E69EBF}.Ad-Hoc|x64.Deploy.0 = Debug|Any CPU
		{D91E578B-95E7-4727-940E-CE60B8E69EBF}.Ad-Hoc|x86.ActiveCfg = Debug|Any CPU
		{D91E578B-95E7-4727-940E-CE60B8E69EBF}.Ad-Hoc|x86.Build.0 = Debug|Any CPU
		{D91E578B-95E7-4727-940E-CE60B8E69EBF}.Ad-Hoc|x86.Deploy.0 = Debug|Any CPU
		{D91E578B-95E7-4727-940E-CE60B8E69EBF}.AppStore|Any CPU.ActiveCfg = Debug|Any CPU
		{D91E578B-95E7-4727-940E-CE60B8E69EBF}.AppStore|Any CPU.Build.0 = Debug|Any CPU
		{D91E578B-95E7-4727-940E-CE60B8E69EBF}.AppStore|Any CPU.Deploy.0 = Debug|Any CPU
		{D91E578B-95E7-4727-940E-CE60B8E69EBF}.AppStore|ARM.ActiveCfg = Debug|Any CPU
		{D91E578B-95E7-4727-940E-CE60B8E69EBF}.AppStore|ARM.Build.0 = Debug|Any CPU
		{D91E578B-95E7-4727-940E-CE60B8E69EBF}.AppStore|ARM.Deploy.0 = Debug|Any CPU
		{D91E578B-95E7-4727-940E-CE60B8E69EBF}.AppStore|ARM64.ActiveCfg = Debug|Any CPU
		{D91E578B-95E7-4727-940E-CE60B8E69EBF}.AppStore|ARM64.Build.0 = Debug|Any CPU
		{D91E578B-95E7-4727-940E-CE60B8E69EBF}.AppStore|ARM64.Deploy.0 = Debug|Any CPU
		{D91E578B-95E7-4727-940E-CE60B8E69EBF}.AppStore|iPhone.ActiveCfg = Debug|Any CPU
		{D91E578B-95E7-4727-940E-CE60B8E69EBF}.AppStore|iPhone.Build.0 = Debug|Any CPU
		{D91E578B-95E7-4727-940E-CE60B8E69EBF}.AppStore|iPhone.Deploy.0 = Debug|Any CPU
		{D91E578B-95E7-4727-940E-CE60B8E69EBF}.AppStore|iPhoneSimulator.ActiveCfg = Debug|Any CPU
		{D91E578B-95E7-4727-940E-CE60B8E69EBF}.AppStore|iPhoneSimulator.Build.0 = Debug|Any CPU
		{D91E578B-95E7-4727-940E-CE60B8E69EBF}.AppStore|iPhoneSimulator.Deploy.0 = Debug|Any CPU
		{D91E578B-95E7-4727-940E-CE60B8E69EBF}.AppStore|x64.ActiveCfg = Debug|Any CPU
		{D91E578B-95E7-4727-940E-CE60B8E69EBF}.AppStore|x64.Build.0 = Debug|Any CPU
		{D91E578B-95E7-4727-940E-CE60B8E69EBF}.AppStore|x64.Deploy.0 = Debug|Any CPU
		{D91E578B-95E7-4727-940E-CE60B8E69EBF}.AppStore|x86.ActiveCfg = Debug|Any CPU
		{D91E578B-95E7-4727-940E-CE60B8E69EBF}.AppStore|x86.Build.0 = Debug|Any CPU
		{D91E578B-95E7-4727-940E-CE60B8E69EBF}.AppStore|x86.Deploy.0 = Debug|Any CPU
		{D91E578B-95E7-4727-940E-CE60B8E69EBF}.Debug|Any CPU.ActiveCfg = Debug|Any CPU
		{D91E578B-95E7-4727-940E-CE60B8E69EBF}.Debug|Any CPU.Build.0 = Debug|Any CPU
		{D91E578B-95E7-4727-940E-CE60B8E69EBF}.Debug|Any CPU.Deploy.0 = Debug|Any CPU
		{D91E578B-95E7-4727-940E-CE60B8E69EBF}.Debug|ARM.ActiveCfg = Debug|Any CPU
		{D91E578B-95E7-4727-940E-CE60B8E69EBF}.Debug|ARM.Build.0 = Debug|Any CPU
		{D91E578B-95E7-4727-940E-CE60B8E69EBF}.Debug|ARM.Deploy.0 = Debug|Any CPU
		{D91E578B-95E7-4727-940E-CE60B8E69EBF}.Debug|ARM64.ActiveCfg = Debug|Any CPU
		{D91E578B-95E7-4727-940E-CE60B8E69EBF}.Debug|ARM64.Build.0 = Debug|Any CPU
		{D91E578B-95E7-4727-940E-CE60B8E69EBF}.Debug|ARM64.Deploy.0 = Debug|Any CPU
		{D91E578B-95E7-4727-940E-CE60B8E69EBF}.Debug|iPhone.ActiveCfg = Debug|Any CPU
		{D91E578B-95E7-4727-940E-CE60B8E69EBF}.Debug|iPhone.Build.0 = Debug|Any CPU
		{D91E578B-95E7-4727-940E-CE60B8E69EBF}.Debug|iPhone.Deploy.0 = Debug|Any CPU
		{D91E578B-95E7-4727-940E-CE60B8E69EBF}.Debug|iPhoneSimulator.ActiveCfg = Debug|Any CPU
		{D91E578B-95E7-4727-940E-CE60B8E69EBF}.Debug|iPhoneSimulator.Build.0 = Debug|Any CPU
		{D91E578B-95E7-4727-940E-CE60B8E69EBF}.Debug|iPhoneSimulator.Deploy.0 = Debug|Any CPU
		{D91E578B-95E7-4727-940E-CE60B8E69EBF}.Debug|x64.ActiveCfg = Debug|Any CPU
		{D91E578B-95E7-4727-940E-CE60B8E69EBF}.Debug|x64.Build.0 = Debug|Any CPU
		{D91E578B-95E7-4727-940E-CE60B8E69EBF}.Debug|x64.Deploy.0 = Debug|Any CPU
		{D91E578B-95E7-4727-940E-CE60B8E69EBF}.Debug|x86.ActiveCfg = Debug|Any CPU
		{D91E578B-95E7-4727-940E-CE60B8E69EBF}.Debug|x86.Build.0 = Debug|Any CPU
		{D91E578B-95E7-4727-940E-CE60B8E69EBF}.Debug|x86.Deploy.0 = Debug|Any CPU
		{D91E578B-95E7-4727-940E-CE60B8E69EBF}.Release|Any CPU.ActiveCfg = Release|Any CPU
		{D91E578B-95E7-4727-940E-CE60B8E69EBF}.Release|Any CPU.Build.0 = Release|Any CPU
		{D91E578B-95E7-4727-940E-CE60B8E69EBF}.Release|Any CPU.Deploy.0 = Release|Any CPU
		{D91E578B-95E7-4727-940E-CE60B8E69EBF}.Release|ARM.ActiveCfg = Release|Any CPU
		{D91E578B-95E7-4727-940E-CE60B8E69EBF}.Release|ARM.Build.0 = Release|Any CPU
		{D91E578B-95E7-4727-940E-CE60B8E69EBF}.Release|ARM.Deploy.0 = Release|Any CPU
		{D91E578B-95E7-4727-940E-CE60B8E69EBF}.Release|ARM64.ActiveCfg = Release|Any CPU
		{D91E578B-95E7-4727-940E-CE60B8E69EBF}.Release|ARM64.Build.0 = Release|Any CPU
		{D91E578B-95E7-4727-940E-CE60B8E69EBF}.Release|ARM64.Deploy.0 = Release|Any CPU
		{D91E578B-95E7-4727-940E-CE60B8E69EBF}.Release|iPhone.ActiveCfg = Release|Any CPU
		{D91E578B-95E7-4727-940E-CE60B8E69EBF}.Release|iPhone.Build.0 = Release|Any CPU
		{D91E578B-95E7-4727-940E-CE60B8E69EBF}.Release|iPhone.Deploy.0 = Release|Any CPU
		{D91E578B-95E7-4727-940E-CE60B8E69EBF}.Release|iPhoneSimulator.ActiveCfg = Release|Any CPU
		{D91E578B-95E7-4727-940E-CE60B8E69EBF}.Release|iPhoneSimulator.Build.0 = Release|Any CPU
		{D91E578B-95E7-4727-940E-CE60B8E69EBF}.Release|iPhoneSimulator.Deploy.0 = Release|Any CPU
		{D91E578B-95E7-4727-940E-CE60B8E69EBF}.Release|x64.ActiveCfg = Release|Any CPU
		{D91E578B-95E7-4727-940E-CE60B8E69EBF}.Release|x64.Build.0 = Release|Any CPU
		{D91E578B-95E7-4727-940E-CE60B8E69EBF}.Release|x64.Deploy.0 = Release|Any CPU
		{D91E578B-95E7-4727-940E-CE60B8E69EBF}.Release|x86.ActiveCfg = Release|Any CPU
		{D91E578B-95E7-4727-940E-CE60B8E69EBF}.Release|x86.Build.0 = Release|Any CPU
		{D91E578B-95E7-4727-940E-CE60B8E69EBF}.Release|x86.Deploy.0 = Release|Any CPU
		{E374CF42-3590-4DEF-80EE-45E5200B0196}.Ad-Hoc|Any CPU.ActiveCfg = Ad-Hoc|iPhoneSimulator
		{E374CF42-3590-4DEF-80EE-45E5200B0196}.Ad-Hoc|ARM.ActiveCfg = Ad-Hoc|iPhoneSimulator
		{E374CF42-3590-4DEF-80EE-45E5200B0196}.Ad-Hoc|ARM64.ActiveCfg = Ad-Hoc|iPhoneSimulator
		{E374CF42-3590-4DEF-80EE-45E5200B0196}.Ad-Hoc|iPhone.ActiveCfg = Ad-Hoc|iPhone
		{E374CF42-3590-4DEF-80EE-45E5200B0196}.Ad-Hoc|iPhone.Build.0 = Ad-Hoc|iPhone
		{E374CF42-3590-4DEF-80EE-45E5200B0196}.Ad-Hoc|iPhoneSimulator.ActiveCfg = Ad-Hoc|iPhoneSimulator
		{E374CF42-3590-4DEF-80EE-45E5200B0196}.Ad-Hoc|iPhoneSimulator.Build.0 = Ad-Hoc|iPhoneSimulator
		{E374CF42-3590-4DEF-80EE-45E5200B0196}.Ad-Hoc|x64.ActiveCfg = Ad-Hoc|iPhoneSimulator
		{E374CF42-3590-4DEF-80EE-45E5200B0196}.Ad-Hoc|x86.ActiveCfg = Ad-Hoc|iPhoneSimulator
		{E374CF42-3590-4DEF-80EE-45E5200B0196}.AppStore|Any CPU.ActiveCfg = AppStore|iPhoneSimulator
		{E374CF42-3590-4DEF-80EE-45E5200B0196}.AppStore|ARM.ActiveCfg = AppStore|iPhoneSimulator
		{E374CF42-3590-4DEF-80EE-45E5200B0196}.AppStore|ARM64.ActiveCfg = AppStore|iPhoneSimulator
		{E374CF42-3590-4DEF-80EE-45E5200B0196}.AppStore|iPhone.ActiveCfg = AppStore|iPhone
		{E374CF42-3590-4DEF-80EE-45E5200B0196}.AppStore|iPhone.Build.0 = AppStore|iPhone
		{E374CF42-3590-4DEF-80EE-45E5200B0196}.AppStore|iPhoneSimulator.ActiveCfg = AppStore|iPhoneSimulator
		{E374CF42-3590-4DEF-80EE-45E5200B0196}.AppStore|iPhoneSimulator.Build.0 = AppStore|iPhoneSimulator
		{E374CF42-3590-4DEF-80EE-45E5200B0196}.AppStore|x64.ActiveCfg = AppStore|iPhoneSimulator
		{E374CF42-3590-4DEF-80EE-45E5200B0196}.AppStore|x86.ActiveCfg = AppStore|iPhoneSimulator
		{E374CF42-3590-4DEF-80EE-45E5200B0196}.Debug|Any CPU.ActiveCfg = Debug|iPhoneSimulator
		{E374CF42-3590-4DEF-80EE-45E5200B0196}.Debug|ARM.ActiveCfg = Debug|iPhoneSimulator
		{E374CF42-3590-4DEF-80EE-45E5200B0196}.Debug|ARM64.ActiveCfg = Debug|iPhoneSimulator
		{E374CF42-3590-4DEF-80EE-45E5200B0196}.Debug|iPhone.ActiveCfg = Debug|iPhone
		{E374CF42-3590-4DEF-80EE-45E5200B0196}.Debug|iPhone.Build.0 = Debug|iPhone
		{E374CF42-3590-4DEF-80EE-45E5200B0196}.Debug|iPhoneSimulator.ActiveCfg = Debug|iPhoneSimulator
		{E374CF42-3590-4DEF-80EE-45E5200B0196}.Debug|iPhoneSimulator.Build.0 = Debug|iPhoneSimulator
		{E374CF42-3590-4DEF-80EE-45E5200B0196}.Debug|x64.ActiveCfg = Debug|iPhoneSimulator
		{E374CF42-3590-4DEF-80EE-45E5200B0196}.Debug|x86.ActiveCfg = Debug|iPhoneSimulator
		{E374CF42-3590-4DEF-80EE-45E5200B0196}.Release|Any CPU.ActiveCfg = Release|iPhoneSimulator
		{E374CF42-3590-4DEF-80EE-45E5200B0196}.Release|ARM.ActiveCfg = Release|iPhoneSimulator
		{E374CF42-3590-4DEF-80EE-45E5200B0196}.Release|ARM64.ActiveCfg = Release|iPhoneSimulator
		{E374CF42-3590-4DEF-80EE-45E5200B0196}.Release|iPhone.ActiveCfg = Release|iPhone
		{E374CF42-3590-4DEF-80EE-45E5200B0196}.Release|iPhone.Build.0 = Release|iPhone
		{E374CF42-3590-4DEF-80EE-45E5200B0196}.Release|iPhoneSimulator.ActiveCfg = Release|iPhoneSimulator
		{E374CF42-3590-4DEF-80EE-45E5200B0196}.Release|iPhoneSimulator.Build.0 = Release|iPhoneSimulator
		{E374CF42-3590-4DEF-80EE-45E5200B0196}.Release|x64.ActiveCfg = Release|iPhoneSimulator
		{E374CF42-3590-4DEF-80EE-45E5200B0196}.Release|x86.ActiveCfg = Release|iPhoneSimulator
		{161B0C07-EA6A-4FC4-937B-A269E3706370}.Ad-Hoc|Any CPU.ActiveCfg = Debug|x86
		{161B0C07-EA6A-4FC4-937B-A269E3706370}.Ad-Hoc|Any CPU.Build.0 = Debug|x86
		{161B0C07-EA6A-4FC4-937B-A269E3706370}.Ad-Hoc|Any CPU.Deploy.0 = Debug|x86
		{161B0C07-EA6A-4FC4-937B-A269E3706370}.Ad-Hoc|ARM.ActiveCfg = Debug|ARM
		{161B0C07-EA6A-4FC4-937B-A269E3706370}.Ad-Hoc|ARM.Build.0 = Debug|ARM
		{161B0C07-EA6A-4FC4-937B-A269E3706370}.Ad-Hoc|ARM.Deploy.0 = Debug|ARM
		{161B0C07-EA6A-4FC4-937B-A269E3706370}.Ad-Hoc|ARM64.ActiveCfg = Debug|ARM64
		{161B0C07-EA6A-4FC4-937B-A269E3706370}.Ad-Hoc|ARM64.Build.0 = Debug|ARM64
		{161B0C07-EA6A-4FC4-937B-A269E3706370}.Ad-Hoc|ARM64.Deploy.0 = Debug|ARM64
		{161B0C07-EA6A-4FC4-937B-A269E3706370}.Ad-Hoc|iPhone.ActiveCfg = Debug|x86
		{161B0C07-EA6A-4FC4-937B-A269E3706370}.Ad-Hoc|iPhone.Build.0 = Debug|x86
		{161B0C07-EA6A-4FC4-937B-A269E3706370}.Ad-Hoc|iPhone.Deploy.0 = Debug|x86
		{161B0C07-EA6A-4FC4-937B-A269E3706370}.Ad-Hoc|iPhoneSimulator.ActiveCfg = Debug|x86
		{161B0C07-EA6A-4FC4-937B-A269E3706370}.Ad-Hoc|iPhoneSimulator.Build.0 = Debug|x86
		{161B0C07-EA6A-4FC4-937B-A269E3706370}.Ad-Hoc|iPhoneSimulator.Deploy.0 = Debug|x86
		{161B0C07-EA6A-4FC4-937B-A269E3706370}.Ad-Hoc|x64.ActiveCfg = Debug|x64
		{161B0C07-EA6A-4FC4-937B-A269E3706370}.Ad-Hoc|x64.Build.0 = Debug|x64
		{161B0C07-EA6A-4FC4-937B-A269E3706370}.Ad-Hoc|x64.Deploy.0 = Debug|x64
		{161B0C07-EA6A-4FC4-937B-A269E3706370}.Ad-Hoc|x86.ActiveCfg = Debug|x86
		{161B0C07-EA6A-4FC4-937B-A269E3706370}.Ad-Hoc|x86.Build.0 = Debug|x86
		{161B0C07-EA6A-4FC4-937B-A269E3706370}.Ad-Hoc|x86.Deploy.0 = Debug|x86
		{161B0C07-EA6A-4FC4-937B-A269E3706370}.AppStore|Any CPU.ActiveCfg = Debug|x86
		{161B0C07-EA6A-4FC4-937B-A269E3706370}.AppStore|Any CPU.Build.0 = Debug|x86
		{161B0C07-EA6A-4FC4-937B-A269E3706370}.AppStore|Any CPU.Deploy.0 = Debug|x86
		{161B0C07-EA6A-4FC4-937B-A269E3706370}.AppStore|ARM.ActiveCfg = Debug|ARM
		{161B0C07-EA6A-4FC4-937B-A269E3706370}.AppStore|ARM.Build.0 = Debug|ARM
		{161B0C07-EA6A-4FC4-937B-A269E3706370}.AppStore|ARM.Deploy.0 = Debug|ARM
		{161B0C07-EA6A-4FC4-937B-A269E3706370}.AppStore|ARM64.ActiveCfg = Debug|ARM64
		{161B0C07-EA6A-4FC4-937B-A269E3706370}.AppStore|ARM64.Build.0 = Debug|ARM64
		{161B0C07-EA6A-4FC4-937B-A269E3706370}.AppStore|ARM64.Deploy.0 = Debug|ARM64
		{161B0C07-EA6A-4FC4-937B-A269E3706370}.AppStore|iPhone.ActiveCfg = Debug|x86
		{161B0C07-EA6A-4FC4-937B-A269E3706370}.AppStore|iPhone.Build.0 = Debug|x86
		{161B0C07-EA6A-4FC4-937B-A269E3706370}.AppStore|iPhone.Deploy.0 = Debug|x86
		{161B0C07-EA6A-4FC4-937B-A269E3706370}.AppStore|iPhoneSimulator.ActiveCfg = Debug|x86
		{161B0C07-EA6A-4FC4-937B-A269E3706370}.AppStore|iPhoneSimulator.Build.0 = Debug|x86
		{161B0C07-EA6A-4FC4-937B-A269E3706370}.AppStore|iPhoneSimulator.Deploy.0 = Debug|x86
		{161B0C07-EA6A-4FC4-937B-A269E3706370}.AppStore|x64.ActiveCfg = Debug|x64
		{161B0C07-EA6A-4FC4-937B-A269E3706370}.AppStore|x64.Build.0 = Debug|x64
		{161B0C07-EA6A-4FC4-937B-A269E3706370}.AppStore|x64.Deploy.0 = Debug|x64
		{161B0C07-EA6A-4FC4-937B-A269E3706370}.AppStore|x86.ActiveCfg = Debug|x86
		{161B0C07-EA6A-4FC4-937B-A269E3706370}.AppStore|x86.Build.0 = Debug|x86
		{161B0C07-EA6A-4FC4-937B-A269E3706370}.AppStore|x86.Deploy.0 = Debug|x86
		{161B0C07-EA6A-4FC4-937B-A269E3706370}.Debug|Any CPU.ActiveCfg = Debug|x86
		{161B0C07-EA6A-4FC4-937B-A269E3706370}.Debug|Any CPU.Build.0 = Debug|x86
		{161B0C07-EA6A-4FC4-937B-A269E3706370}.Debug|Any CPU.Deploy.0 = Debug|x86
		{161B0C07-EA6A-4FC4-937B-A269E3706370}.Debug|ARM.ActiveCfg = Debug|ARM
		{161B0C07-EA6A-4FC4-937B-A269E3706370}.Debug|ARM.Build.0 = Debug|ARM
		{161B0C07-EA6A-4FC4-937B-A269E3706370}.Debug|ARM.Deploy.0 = Debug|ARM
		{161B0C07-EA6A-4FC4-937B-A269E3706370}.Debug|ARM64.ActiveCfg = Debug|ARM64
		{161B0C07-EA6A-4FC4-937B-A269E3706370}.Debug|ARM64.Build.0 = Debug|ARM64
		{161B0C07-EA6A-4FC4-937B-A269E3706370}.Debug|ARM64.Deploy.0 = Debug|ARM64
		{161B0C07-EA6A-4FC4-937B-A269E3706370}.Debug|iPhone.ActiveCfg = Debug|x86
		{161B0C07-EA6A-4FC4-937B-A269E3706370}.Debug|iPhoneSimulator.ActiveCfg = Debug|x86
		{161B0C07-EA6A-4FC4-937B-A269E3706370}.Debug|x64.ActiveCfg = Debug|x64
		{161B0C07-EA6A-4FC4-937B-A269E3706370}.Debug|x64.Build.0 = Debug|x64
		{161B0C07-EA6A-4FC4-937B-A269E3706370}.Debug|x64.Deploy.0 = Debug|x64
		{161B0C07-EA6A-4FC4-937B-A269E3706370}.Debug|x86.ActiveCfg = Debug|x86
		{161B0C07-EA6A-4FC4-937B-A269E3706370}.Debug|x86.Build.0 = Debug|x86
		{161B0C07-EA6A-4FC4-937B-A269E3706370}.Debug|x86.Deploy.0 = Debug|x86
		{161B0C07-EA6A-4FC4-937B-A269E3706370}.Release|Any CPU.ActiveCfg = Release|x86
		{161B0C07-EA6A-4FC4-937B-A269E3706370}.Release|ARM.ActiveCfg = Release|ARM
		{161B0C07-EA6A-4FC4-937B-A269E3706370}.Release|ARM.Build.0 = Release|ARM
		{161B0C07-EA6A-4FC4-937B-A269E3706370}.Release|ARM.Deploy.0 = Release|ARM
		{161B0C07-EA6A-4FC4-937B-A269E3706370}.Release|ARM64.ActiveCfg = Release|ARM64
		{161B0C07-EA6A-4FC4-937B-A269E3706370}.Release|ARM64.Build.0 = Release|ARM64
		{161B0C07-EA6A-4FC4-937B-A269E3706370}.Release|ARM64.Deploy.0 = Release|ARM64
		{161B0C07-EA6A-4FC4-937B-A269E3706370}.Release|iPhone.ActiveCfg = Release|x86
		{161B0C07-EA6A-4FC4-937B-A269E3706370}.Release|iPhoneSimulator.ActiveCfg = Release|x86
		{161B0C07-EA6A-4FC4-937B-A269E3706370}.Release|x64.ActiveCfg = Release|x64
		{161B0C07-EA6A-4FC4-937B-A269E3706370}.Release|x64.Build.0 = Release|x64
		{161B0C07-EA6A-4FC4-937B-A269E3706370}.Release|x64.Deploy.0 = Release|x64
		{161B0C07-EA6A-4FC4-937B-A269E3706370}.Release|x86.ActiveCfg = Release|x86
		{161B0C07-EA6A-4FC4-937B-A269E3706370}.Release|x86.Build.0 = Release|x86
		{161B0C07-EA6A-4FC4-937B-A269E3706370}.Release|x86.Deploy.0 = Release|x86
		{05EF26F9-16BF-4254-93F9-5E18CCC16574}.Ad-Hoc|Any CPU.ActiveCfg = Debug|Any CPU
		{05EF26F9-16BF-4254-93F9-5E18CCC16574}.Ad-Hoc|Any CPU.Build.0 = Debug|Any CPU
		{05EF26F9-16BF-4254-93F9-5E18CCC16574}.Ad-Hoc|ARM.ActiveCfg = Debug|Any CPU
		{05EF26F9-16BF-4254-93F9-5E18CCC16574}.Ad-Hoc|ARM.Build.0 = Debug|Any CPU
		{05EF26F9-16BF-4254-93F9-5E18CCC16574}.Ad-Hoc|ARM64.ActiveCfg = Debug|Any CPU
		{05EF26F9-16BF-4254-93F9-5E18CCC16574}.Ad-Hoc|ARM64.Build.0 = Debug|Any CPU
		{05EF26F9-16BF-4254-93F9-5E18CCC16574}.Ad-Hoc|iPhone.ActiveCfg = Debug|Any CPU
		{05EF26F9-16BF-4254-93F9-5E18CCC16574}.Ad-Hoc|iPhone.Build.0 = Debug|Any CPU
		{05EF26F9-16BF-4254-93F9-5E18CCC16574}.Ad-Hoc|iPhoneSimulator.ActiveCfg = Debug|Any CPU
		{05EF26F9-16BF-4254-93F9-5E18CCC16574}.Ad-Hoc|iPhoneSimulator.Build.0 = Debug|Any CPU
		{05EF26F9-16BF-4254-93F9-5E18CCC16574}.Ad-Hoc|x64.ActiveCfg = Debug|Any CPU
		{05EF26F9-16BF-4254-93F9-5E18CCC16574}.Ad-Hoc|x64.Build.0 = Debug|Any CPU
		{05EF26F9-16BF-4254-93F9-5E18CCC16574}.Ad-Hoc|x86.ActiveCfg = Debug|Any CPU
		{05EF26F9-16BF-4254-93F9-5E18CCC16574}.Ad-Hoc|x86.Build.0 = Debug|Any CPU
		{05EF26F9-16BF-4254-93F9-5E18CCC16574}.AppStore|Any CPU.ActiveCfg = Debug|Any CPU
		{05EF26F9-16BF-4254-93F9-5E18CCC16574}.AppStore|Any CPU.Build.0 = Debug|Any CPU
		{05EF26F9-16BF-4254-93F9-5E18CCC16574}.AppStore|ARM.ActiveCfg = Debug|Any CPU
		{05EF26F9-16BF-4254-93F9-5E18CCC16574}.AppStore|ARM.Build.0 = Debug|Any CPU
		{05EF26F9-16BF-4254-93F9-5E18CCC16574}.AppStore|ARM64.ActiveCfg = Debug|Any CPU
		{05EF26F9-16BF-4254-93F9-5E18CCC16574}.AppStore|ARM64.Build.0 = Debug|Any CPU
		{05EF26F9-16BF-4254-93F9-5E18CCC16574}.AppStore|iPhone.ActiveCfg = Debug|Any CPU
		{05EF26F9-16BF-4254-93F9-5E18CCC16574}.AppStore|iPhone.Build.0 = Debug|Any CPU
		{05EF26F9-16BF-4254-93F9-5E18CCC16574}.AppStore|iPhoneSimulator.ActiveCfg = Debug|Any CPU
		{05EF26F9-16BF-4254-93F9-5E18CCC16574}.AppStore|iPhoneSimulator.Build.0 = Debug|Any CPU
		{05EF26F9-16BF-4254-93F9-5E18CCC16574}.AppStore|x64.ActiveCfg = Debug|Any CPU
		{05EF26F9-16BF-4254-93F9-5E18CCC16574}.AppStore|x64.Build.0 = Debug|Any CPU
		{05EF26F9-16BF-4254-93F9-5E18CCC16574}.AppStore|x86.ActiveCfg = Debug|Any CPU
		{05EF26F9-16BF-4254-93F9-5E18CCC16574}.AppStore|x86.Build.0 = Debug|Any CPU
		{05EF26F9-16BF-4254-93F9-5E18CCC16574}.Debug|Any CPU.ActiveCfg = Debug|Any CPU
		{05EF26F9-16BF-4254-93F9-5E18CCC16574}.Debug|Any CPU.Build.0 = Debug|Any CPU
		{05EF26F9-16BF-4254-93F9-5E18CCC16574}.Debug|ARM.ActiveCfg = Debug|Any CPU
		{05EF26F9-16BF-4254-93F9-5E18CCC16574}.Debug|ARM.Build.0 = Debug|Any CPU
		{05EF26F9-16BF-4254-93F9-5E18CCC16574}.Debug|ARM64.ActiveCfg = Debug|Any CPU
		{05EF26F9-16BF-4254-93F9-5E18CCC16574}.Debug|ARM64.Build.0 = Debug|Any CPU
		{05EF26F9-16BF-4254-93F9-5E18CCC16574}.Debug|iPhone.ActiveCfg = Debug|Any CPU
		{05EF26F9-16BF-4254-93F9-5E18CCC16574}.Debug|iPhone.Build.0 = Debug|Any CPU
		{05EF26F9-16BF-4254-93F9-5E18CCC16574}.Debug|iPhoneSimulator.ActiveCfg = Debug|Any CPU
		{05EF26F9-16BF-4254-93F9-5E18CCC16574}.Debug|iPhoneSimulator.Build.0 = Debug|Any CPU
		{05EF26F9-16BF-4254-93F9-5E18CCC16574}.Debug|x64.ActiveCfg = Debug|Any CPU
		{05EF26F9-16BF-4254-93F9-5E18CCC16574}.Debug|x64.Build.0 = Debug|Any CPU
		{05EF26F9-16BF-4254-93F9-5E18CCC16574}.Debug|x86.ActiveCfg = Debug|Any CPU
		{05EF26F9-16BF-4254-93F9-5E18CCC16574}.Debug|x86.Build.0 = Debug|Any CPU
		{05EF26F9-16BF-4254-93F9-5E18CCC16574}.Release|Any CPU.ActiveCfg = Release|Any CPU
		{05EF26F9-16BF-4254-93F9-5E18CCC16574}.Release|Any CPU.Build.0 = Release|Any CPU
		{05EF26F9-16BF-4254-93F9-5E18CCC16574}.Release|ARM.ActiveCfg = Release|Any CPU
		{05EF26F9-16BF-4254-93F9-5E18CCC16574}.Release|ARM.Build.0 = Release|Any CPU
		{05EF26F9-16BF-4254-93F9-5E18CCC16574}.Release|ARM64.ActiveCfg = Release|Any CPU
		{05EF26F9-16BF-4254-93F9-5E18CCC16574}.Release|ARM64.Build.0 = Release|Any CPU
		{05EF26F9-16BF-4254-93F9-5E18CCC16574}.Release|iPhone.ActiveCfg = Release|Any CPU
		{05EF26F9-16BF-4254-93F9-5E18CCC16574}.Release|iPhone.Build.0 = Release|Any CPU
		{05EF26F9-16BF-4254-93F9-5E18CCC16574}.Release|iPhoneSimulator.ActiveCfg = Release|Any CPU
		{05EF26F9-16BF-4254-93F9-5E18CCC16574}.Release|iPhoneSimulator.Build.0 = Release|Any CPU
		{05EF26F9-16BF-4254-93F9-5E18CCC16574}.Release|x64.ActiveCfg = Release|Any CPU
		{05EF26F9-16BF-4254-93F9-5E18CCC16574}.Release|x64.Build.0 = Release|Any CPU
		{05EF26F9-16BF-4254-93F9-5E18CCC16574}.Release|x86.ActiveCfg = Release|Any CPU
		{05EF26F9-16BF-4254-93F9-5E18CCC16574}.Release|x86.Build.0 = Release|Any CPU
		{4B2BE5E8-D08D-487A-931A-E68F092BD106}.Ad-Hoc|Any CPU.ActiveCfg = Debug|iPhoneSimulator
		{4B2BE5E8-D08D-487A-931A-E68F092BD106}.Ad-Hoc|Any CPU.Build.0 = Debug|iPhoneSimulator
		{4B2BE5E8-D08D-487A-931A-E68F092BD106}.Ad-Hoc|ARM.ActiveCfg = Debug|iPhoneSimulator
		{4B2BE5E8-D08D-487A-931A-E68F092BD106}.Ad-Hoc|ARM.Build.0 = Debug|iPhoneSimulator
		{4B2BE5E8-D08D-487A-931A-E68F092BD106}.Ad-Hoc|ARM64.ActiveCfg = Debug|iPhoneSimulator
		{4B2BE5E8-D08D-487A-931A-E68F092BD106}.Ad-Hoc|ARM64.Build.0 = Debug|iPhoneSimulator
		{4B2BE5E8-D08D-487A-931A-E68F092BD106}.Ad-Hoc|iPhone.ActiveCfg = Debug|iPhoneSimulator
		{4B2BE5E8-D08D-487A-931A-E68F092BD106}.Ad-Hoc|iPhone.Build.0 = Debug|iPhoneSimulator
		{4B2BE5E8-D08D-487A-931A-E68F092BD106}.Ad-Hoc|iPhoneSimulator.ActiveCfg = Debug|iPhoneSimulator
		{4B2BE5E8-D08D-487A-931A-E68F092BD106}.Ad-Hoc|iPhoneSimulator.Build.0 = Debug|iPhoneSimulator
		{4B2BE5E8-D08D-487A-931A-E68F092BD106}.Ad-Hoc|x64.ActiveCfg = Debug|iPhoneSimulator
		{4B2BE5E8-D08D-487A-931A-E68F092BD106}.Ad-Hoc|x64.Build.0 = Debug|iPhoneSimulator
		{4B2BE5E8-D08D-487A-931A-E68F092BD106}.Ad-Hoc|x86.ActiveCfg = Debug|iPhoneSimulator
		{4B2BE5E8-D08D-487A-931A-E68F092BD106}.Ad-Hoc|x86.Build.0 = Debug|iPhoneSimulator
		{4B2BE5E8-D08D-487A-931A-E68F092BD106}.AppStore|Any CPU.ActiveCfg = Debug|iPhoneSimulator
		{4B2BE5E8-D08D-487A-931A-E68F092BD106}.AppStore|Any CPU.Build.0 = Debug|iPhoneSimulator
		{4B2BE5E8-D08D-487A-931A-E68F092BD106}.AppStore|ARM.ActiveCfg = Debug|iPhoneSimulator
		{4B2BE5E8-D08D-487A-931A-E68F092BD106}.AppStore|ARM.Build.0 = Debug|iPhoneSimulator
		{4B2BE5E8-D08D-487A-931A-E68F092BD106}.AppStore|ARM64.ActiveCfg = Debug|iPhoneSimulator
		{4B2BE5E8-D08D-487A-931A-E68F092BD106}.AppStore|ARM64.Build.0 = Debug|iPhoneSimulator
		{4B2BE5E8-D08D-487A-931A-E68F092BD106}.AppStore|iPhone.ActiveCfg = Debug|iPhoneSimulator
		{4B2BE5E8-D08D-487A-931A-E68F092BD106}.AppStore|iPhone.Build.0 = Debug|iPhoneSimulator
		{4B2BE5E8-D08D-487A-931A-E68F092BD106}.AppStore|iPhoneSimulator.ActiveCfg = Debug|iPhoneSimulator
		{4B2BE5E8-D08D-487A-931A-E68F092BD106}.AppStore|iPhoneSimulator.Build.0 = Debug|iPhoneSimulator
		{4B2BE5E8-D08D-487A-931A-E68F092BD106}.AppStore|x64.ActiveCfg = Debug|iPhoneSimulator
		{4B2BE5E8-D08D-487A-931A-E68F092BD106}.AppStore|x64.Build.0 = Debug|iPhoneSimulator
		{4B2BE5E8-D08D-487A-931A-E68F092BD106}.AppStore|x86.ActiveCfg = Debug|iPhoneSimulator
		{4B2BE5E8-D08D-487A-931A-E68F092BD106}.AppStore|x86.Build.0 = Debug|iPhoneSimulator
		{4B2BE5E8-D08D-487A-931A-E68F092BD106}.Debug|Any CPU.ActiveCfg = Debug|iPhoneSimulator
		{4B2BE5E8-D08D-487A-931A-E68F092BD106}.Debug|ARM.ActiveCfg = Debug|iPhoneSimulator
		{4B2BE5E8-D08D-487A-931A-E68F092BD106}.Debug|ARM64.ActiveCfg = Debug|iPhoneSimulator
		{4B2BE5E8-D08D-487A-931A-E68F092BD106}.Debug|iPhone.ActiveCfg = Debug|iPhoneSimulator
		{4B2BE5E8-D08D-487A-931A-E68F092BD106}.Debug|iPhoneSimulator.ActiveCfg = Debug|iPhoneSimulator
		{4B2BE5E8-D08D-487A-931A-E68F092BD106}.Debug|iPhoneSimulator.Build.0 = Debug|iPhoneSimulator
		{4B2BE5E8-D08D-487A-931A-E68F092BD106}.Debug|x64.ActiveCfg = Debug|iPhoneSimulator
		{4B2BE5E8-D08D-487A-931A-E68F092BD106}.Debug|x86.ActiveCfg = Debug|iPhoneSimulator
		{4B2BE5E8-D08D-487A-931A-E68F092BD106}.Release|Any CPU.ActiveCfg = Release|iPhoneSimulator
		{4B2BE5E8-D08D-487A-931A-E68F092BD106}.Release|ARM.ActiveCfg = Release|iPhoneSimulator
		{4B2BE5E8-D08D-487A-931A-E68F092BD106}.Release|ARM64.ActiveCfg = Release|iPhoneSimulator
		{4B2BE5E8-D08D-487A-931A-E68F092BD106}.Release|iPhone.ActiveCfg = Release|iPhoneSimulator
		{4B2BE5E8-D08D-487A-931A-E68F092BD106}.Release|iPhoneSimulator.ActiveCfg = Release|iPhoneSimulator
		{4B2BE5E8-D08D-487A-931A-E68F092BD106}.Release|iPhoneSimulator.Build.0 = Release|iPhoneSimulator
		{4B2BE5E8-D08D-487A-931A-E68F092BD106}.Release|x64.ActiveCfg = Release|iPhoneSimulator
		{4B2BE5E8-D08D-487A-931A-E68F092BD106}.Release|x86.ActiveCfg = Release|iPhoneSimulator
		{63AAE51C-688B-4462-8B64-157DEBAB770A}.Ad-Hoc|Any CPU.ActiveCfg = Debug|Any CPU
		{63AAE51C-688B-4462-8B64-157DEBAB770A}.Ad-Hoc|Any CPU.Build.0 = Debug|Any CPU
		{63AAE51C-688B-4462-8B64-157DEBAB770A}.Ad-Hoc|ARM.ActiveCfg = Debug|Any CPU
		{63AAE51C-688B-4462-8B64-157DEBAB770A}.Ad-Hoc|ARM.Build.0 = Debug|Any CPU
		{63AAE51C-688B-4462-8B64-157DEBAB770A}.Ad-Hoc|ARM64.ActiveCfg = Debug|Any CPU
		{63AAE51C-688B-4462-8B64-157DEBAB770A}.Ad-Hoc|ARM64.Build.0 = Debug|Any CPU
		{63AAE51C-688B-4462-8B64-157DEBAB770A}.Ad-Hoc|iPhone.ActiveCfg = Debug|Any CPU
		{63AAE51C-688B-4462-8B64-157DEBAB770A}.Ad-Hoc|iPhone.Build.0 = Debug|Any CPU
		{63AAE51C-688B-4462-8B64-157DEBAB770A}.Ad-Hoc|iPhoneSimulator.ActiveCfg = Debug|Any CPU
		{63AAE51C-688B-4462-8B64-157DEBAB770A}.Ad-Hoc|iPhoneSimulator.Build.0 = Debug|Any CPU
		{63AAE51C-688B-4462-8B64-157DEBAB770A}.Ad-Hoc|x64.ActiveCfg = Debug|Any CPU
		{63AAE51C-688B-4462-8B64-157DEBAB770A}.Ad-Hoc|x64.Build.0 = Debug|Any CPU
		{63AAE51C-688B-4462-8B64-157DEBAB770A}.Ad-Hoc|x86.ActiveCfg = Debug|Any CPU
		{63AAE51C-688B-4462-8B64-157DEBAB770A}.Ad-Hoc|x86.Build.0 = Debug|Any CPU
		{63AAE51C-688B-4462-8B64-157DEBAB770A}.AppStore|Any CPU.ActiveCfg = Debug|Any CPU
		{63AAE51C-688B-4462-8B64-157DEBAB770A}.AppStore|Any CPU.Build.0 = Debug|Any CPU
		{63AAE51C-688B-4462-8B64-157DEBAB770A}.AppStore|ARM.ActiveCfg = Debug|Any CPU
		{63AAE51C-688B-4462-8B64-157DEBAB770A}.AppStore|ARM.Build.0 = Debug|Any CPU
		{63AAE51C-688B-4462-8B64-157DEBAB770A}.AppStore|ARM64.ActiveCfg = Debug|Any CPU
		{63AAE51C-688B-4462-8B64-157DEBAB770A}.AppStore|ARM64.Build.0 = Debug|Any CPU
		{63AAE51C-688B-4462-8B64-157DEBAB770A}.AppStore|iPhone.ActiveCfg = Debug|Any CPU
		{63AAE51C-688B-4462-8B64-157DEBAB770A}.AppStore|iPhone.Build.0 = Debug|Any CPU
		{63AAE51C-688B-4462-8B64-157DEBAB770A}.AppStore|iPhoneSimulator.ActiveCfg = Debug|Any CPU
		{63AAE51C-688B-4462-8B64-157DEBAB770A}.AppStore|iPhoneSimulator.Build.0 = Debug|Any CPU
		{63AAE51C-688B-4462-8B64-157DEBAB770A}.AppStore|x64.ActiveCfg = Debug|Any CPU
		{63AAE51C-688B-4462-8B64-157DEBAB770A}.AppStore|x64.Build.0 = Debug|Any CPU
		{63AAE51C-688B-4462-8B64-157DEBAB770A}.AppStore|x86.ActiveCfg = Debug|Any CPU
		{63AAE51C-688B-4462-8B64-157DEBAB770A}.AppStore|x86.Build.0 = Debug|Any CPU
		{63AAE51C-688B-4462-8B64-157DEBAB770A}.Debug|Any CPU.ActiveCfg = Debug|Any CPU
		{63AAE51C-688B-4462-8B64-157DEBAB770A}.Debug|Any CPU.Build.0 = Debug|Any CPU
		{63AAE51C-688B-4462-8B64-157DEBAB770A}.Debug|ARM.ActiveCfg = Debug|Any CPU
		{63AAE51C-688B-4462-8B64-157DEBAB770A}.Debug|ARM.Build.0 = Debug|Any CPU
		{63AAE51C-688B-4462-8B64-157DEBAB770A}.Debug|ARM64.ActiveCfg = Debug|Any CPU
		{63AAE51C-688B-4462-8B64-157DEBAB770A}.Debug|ARM64.Build.0 = Debug|Any CPU
		{63AAE51C-688B-4462-8B64-157DEBAB770A}.Debug|iPhone.ActiveCfg = Debug|Any CPU
		{63AAE51C-688B-4462-8B64-157DEBAB770A}.Debug|iPhone.Build.0 = Debug|Any CPU
		{63AAE51C-688B-4462-8B64-157DEBAB770A}.Debug|iPhoneSimulator.ActiveCfg = Debug|Any CPU
		{63AAE51C-688B-4462-8B64-157DEBAB770A}.Debug|iPhoneSimulator.Build.0 = Debug|Any CPU
		{63AAE51C-688B-4462-8B64-157DEBAB770A}.Debug|x64.ActiveCfg = Debug|Any CPU
		{63AAE51C-688B-4462-8B64-157DEBAB770A}.Debug|x64.Build.0 = Debug|Any CPU
		{63AAE51C-688B-4462-8B64-157DEBAB770A}.Debug|x86.ActiveCfg = Debug|Any CPU
		{63AAE51C-688B-4462-8B64-157DEBAB770A}.Debug|x86.Build.0 = Debug|Any CPU
		{63AAE51C-688B-4462-8B64-157DEBAB770A}.Release|Any CPU.ActiveCfg = Release|Any CPU
		{63AAE51C-688B-4462-8B64-157DEBAB770A}.Release|Any CPU.Build.0 = Release|Any CPU
		{63AAE51C-688B-4462-8B64-157DEBAB770A}.Release|ARM.ActiveCfg = Release|Any CPU
		{63AAE51C-688B-4462-8B64-157DEBAB770A}.Release|ARM.Build.0 = Release|Any CPU
		{63AAE51C-688B-4462-8B64-157DEBAB770A}.Release|ARM64.ActiveCfg = Release|Any CPU
		{63AAE51C-688B-4462-8B64-157DEBAB770A}.Release|ARM64.Build.0 = Release|Any CPU
		{63AAE51C-688B-4462-8B64-157DEBAB770A}.Release|iPhone.ActiveCfg = Release|Any CPU
		{63AAE51C-688B-4462-8B64-157DEBAB770A}.Release|iPhone.Build.0 = Release|Any CPU
		{63AAE51C-688B-4462-8B64-157DEBAB770A}.Release|iPhoneSimulator.ActiveCfg = Release|Any CPU
		{63AAE51C-688B-4462-8B64-157DEBAB770A}.Release|iPhoneSimulator.Build.0 = Release|Any CPU
		{63AAE51C-688B-4462-8B64-157DEBAB770A}.Release|x64.ActiveCfg = Release|Any CPU
		{63AAE51C-688B-4462-8B64-157DEBAB770A}.Release|x64.Build.0 = Release|Any CPU
		{63AAE51C-688B-4462-8B64-157DEBAB770A}.Release|x86.ActiveCfg = Release|Any CPU
		{63AAE51C-688B-4462-8B64-157DEBAB770A}.Release|x86.Build.0 = Release|Any CPU
		{EF91472A-8BE6-40C4-A26D-0A40704B8F91}.Ad-Hoc|Any CPU.ActiveCfg = Debug|Any CPU
		{EF91472A-8BE6-40C4-A26D-0A40704B8F91}.Ad-Hoc|Any CPU.Build.0 = Debug|Any CPU
		{EF91472A-8BE6-40C4-A26D-0A40704B8F91}.Ad-Hoc|ARM.ActiveCfg = Debug|Any CPU
		{EF91472A-8BE6-40C4-A26D-0A40704B8F91}.Ad-Hoc|ARM.Build.0 = Debug|Any CPU
		{EF91472A-8BE6-40C4-A26D-0A40704B8F91}.Ad-Hoc|ARM64.ActiveCfg = Debug|Any CPU
		{EF91472A-8BE6-40C4-A26D-0A40704B8F91}.Ad-Hoc|ARM64.Build.0 = Debug|Any CPU
		{EF91472A-8BE6-40C4-A26D-0A40704B8F91}.Ad-Hoc|iPhone.ActiveCfg = Debug|Any CPU
		{EF91472A-8BE6-40C4-A26D-0A40704B8F91}.Ad-Hoc|iPhone.Build.0 = Debug|Any CPU
		{EF91472A-8BE6-40C4-A26D-0A40704B8F91}.Ad-Hoc|iPhoneSimulator.ActiveCfg = Debug|Any CPU
		{EF91472A-8BE6-40C4-A26D-0A40704B8F91}.Ad-Hoc|iPhoneSimulator.Build.0 = Debug|Any CPU
		{EF91472A-8BE6-40C4-A26D-0A40704B8F91}.Ad-Hoc|x64.ActiveCfg = Debug|Any CPU
		{EF91472A-8BE6-40C4-A26D-0A40704B8F91}.Ad-Hoc|x64.Build.0 = Debug|Any CPU
		{EF91472A-8BE6-40C4-A26D-0A40704B8F91}.Ad-Hoc|x86.ActiveCfg = Debug|Any CPU
		{EF91472A-8BE6-40C4-A26D-0A40704B8F91}.Ad-Hoc|x86.Build.0 = Debug|Any CPU
		{EF91472A-8BE6-40C4-A26D-0A40704B8F91}.AppStore|Any CPU.ActiveCfg = Debug|Any CPU
		{EF91472A-8BE6-40C4-A26D-0A40704B8F91}.AppStore|Any CPU.Build.0 = Debug|Any CPU
		{EF91472A-8BE6-40C4-A26D-0A40704B8F91}.AppStore|ARM.ActiveCfg = Debug|Any CPU
		{EF91472A-8BE6-40C4-A26D-0A40704B8F91}.AppStore|ARM.Build.0 = Debug|Any CPU
		{EF91472A-8BE6-40C4-A26D-0A40704B8F91}.AppStore|ARM64.ActiveCfg = Debug|Any CPU
		{EF91472A-8BE6-40C4-A26D-0A40704B8F91}.AppStore|ARM64.Build.0 = Debug|Any CPU
		{EF91472A-8BE6-40C4-A26D-0A40704B8F91}.AppStore|iPhone.ActiveCfg = Debug|Any CPU
		{EF91472A-8BE6-40C4-A26D-0A40704B8F91}.AppStore|iPhone.Build.0 = Debug|Any CPU
		{EF91472A-8BE6-40C4-A26D-0A40704B8F91}.AppStore|iPhoneSimulator.ActiveCfg = Debug|Any CPU
		{EF91472A-8BE6-40C4-A26D-0A40704B8F91}.AppStore|iPhoneSimulator.Build.0 = Debug|Any CPU
		{EF91472A-8BE6-40C4-A26D-0A40704B8F91}.AppStore|x64.ActiveCfg = Debug|Any CPU
		{EF91472A-8BE6-40C4-A26D-0A40704B8F91}.AppStore|x64.Build.0 = Debug|Any CPU
		{EF91472A-8BE6-40C4-A26D-0A40704B8F91}.AppStore|x86.ActiveCfg = Debug|Any CPU
		{EF91472A-8BE6-40C4-A26D-0A40704B8F91}.AppStore|x86.Build.0 = Debug|Any CPU
		{EF91472A-8BE6-40C4-A26D-0A40704B8F91}.Debug|Any CPU.ActiveCfg = Debug|Any CPU
		{EF91472A-8BE6-40C4-A26D-0A40704B8F91}.Debug|Any CPU.Build.0 = Debug|Any CPU
		{EF91472A-8BE6-40C4-A26D-0A40704B8F91}.Debug|ARM.ActiveCfg = Debug|Any CPU
		{EF91472A-8BE6-40C4-A26D-0A40704B8F91}.Debug|ARM.Build.0 = Debug|Any CPU
		{EF91472A-8BE6-40C4-A26D-0A40704B8F91}.Debug|ARM64.ActiveCfg = Debug|Any CPU
		{EF91472A-8BE6-40C4-A26D-0A40704B8F91}.Debug|ARM64.Build.0 = Debug|Any CPU
		{EF91472A-8BE6-40C4-A26D-0A40704B8F91}.Debug|iPhone.ActiveCfg = Debug|Any CPU
		{EF91472A-8BE6-40C4-A26D-0A40704B8F91}.Debug|iPhone.Build.0 = Debug|Any CPU
		{EF91472A-8BE6-40C4-A26D-0A40704B8F91}.Debug|iPhoneSimulator.ActiveCfg = Debug|Any CPU
		{EF91472A-8BE6-40C4-A26D-0A40704B8F91}.Debug|iPhoneSimulator.Build.0 = Debug|Any CPU
		{EF91472A-8BE6-40C4-A26D-0A40704B8F91}.Debug|x64.ActiveCfg = Debug|Any CPU
		{EF91472A-8BE6-40C4-A26D-0A40704B8F91}.Debug|x64.Build.0 = Debug|Any CPU
		{EF91472A-8BE6-40C4-A26D-0A40704B8F91}.Debug|x86.ActiveCfg = Debug|Any CPU
		{EF91472A-8BE6-40C4-A26D-0A40704B8F91}.Debug|x86.Build.0 = Debug|Any CPU
		{EF91472A-8BE6-40C4-A26D-0A40704B8F91}.Release|Any CPU.ActiveCfg = Release|Any CPU
		{EF91472A-8BE6-40C4-A26D-0A40704B8F91}.Release|Any CPU.Build.0 = Release|Any CPU
		{EF91472A-8BE6-40C4-A26D-0A40704B8F91}.Release|ARM.ActiveCfg = Release|Any CPU
		{EF91472A-8BE6-40C4-A26D-0A40704B8F91}.Release|ARM.Build.0 = Release|Any CPU
		{EF91472A-8BE6-40C4-A26D-0A40704B8F91}.Release|ARM64.ActiveCfg = Release|Any CPU
		{EF91472A-8BE6-40C4-A26D-0A40704B8F91}.Release|ARM64.Build.0 = Release|Any CPU
		{EF91472A-8BE6-40C4-A26D-0A40704B8F91}.Release|iPhone.ActiveCfg = Release|Any CPU
		{EF91472A-8BE6-40C4-A26D-0A40704B8F91}.Release|iPhone.Build.0 = Release|Any CPU
		{EF91472A-8BE6-40C4-A26D-0A40704B8F91}.Release|iPhoneSimulator.ActiveCfg = Release|Any CPU
		{EF91472A-8BE6-40C4-A26D-0A40704B8F91}.Release|iPhoneSimulator.Build.0 = Release|Any CPU
		{EF91472A-8BE6-40C4-A26D-0A40704B8F91}.Release|x64.ActiveCfg = Release|Any CPU
		{EF91472A-8BE6-40C4-A26D-0A40704B8F91}.Release|x64.Build.0 = Release|Any CPU
		{EF91472A-8BE6-40C4-A26D-0A40704B8F91}.Release|x86.ActiveCfg = Release|Any CPU
		{EF91472A-8BE6-40C4-A26D-0A40704B8F91}.Release|x86.Build.0 = Release|Any CPU
		{932DD5AF-687A-4C71-86C1-719792B0B49D}.Ad-Hoc|Any CPU.ActiveCfg = Debug|Any CPU
		{932DD5AF-687A-4C71-86C1-719792B0B49D}.Ad-Hoc|Any CPU.Build.0 = Debug|Any CPU
		{932DD5AF-687A-4C71-86C1-719792B0B49D}.Ad-Hoc|ARM.ActiveCfg = Debug|Any CPU
		{932DD5AF-687A-4C71-86C1-719792B0B49D}.Ad-Hoc|ARM.Build.0 = Debug|Any CPU
		{932DD5AF-687A-4C71-86C1-719792B0B49D}.Ad-Hoc|ARM64.ActiveCfg = Debug|Any CPU
		{932DD5AF-687A-4C71-86C1-719792B0B49D}.Ad-Hoc|ARM64.Build.0 = Debug|Any CPU
		{932DD5AF-687A-4C71-86C1-719792B0B49D}.Ad-Hoc|iPhone.ActiveCfg = Debug|Any CPU
		{932DD5AF-687A-4C71-86C1-719792B0B49D}.Ad-Hoc|iPhone.Build.0 = Debug|Any CPU
		{932DD5AF-687A-4C71-86C1-719792B0B49D}.Ad-Hoc|iPhoneSimulator.ActiveCfg = Debug|Any CPU
		{932DD5AF-687A-4C71-86C1-719792B0B49D}.Ad-Hoc|iPhoneSimulator.Build.0 = Debug|Any CPU
		{932DD5AF-687A-4C71-86C1-719792B0B49D}.Ad-Hoc|x64.ActiveCfg = Debug|Any CPU
		{932DD5AF-687A-4C71-86C1-719792B0B49D}.Ad-Hoc|x64.Build.0 = Debug|Any CPU
		{932DD5AF-687A-4C71-86C1-719792B0B49D}.Ad-Hoc|x86.ActiveCfg = Debug|Any CPU
		{932DD5AF-687A-4C71-86C1-719792B0B49D}.Ad-Hoc|x86.Build.0 = Debug|Any CPU
		{932DD5AF-687A-4C71-86C1-719792B0B49D}.AppStore|Any CPU.ActiveCfg = Debug|Any CPU
		{932DD5AF-687A-4C71-86C1-719792B0B49D}.AppStore|Any CPU.Build.0 = Debug|Any CPU
		{932DD5AF-687A-4C71-86C1-719792B0B49D}.AppStore|ARM.ActiveCfg = Debug|Any CPU
		{932DD5AF-687A-4C71-86C1-719792B0B49D}.AppStore|ARM.Build.0 = Debug|Any CPU
		{932DD5AF-687A-4C71-86C1-719792B0B49D}.AppStore|ARM64.ActiveCfg = Debug|Any CPU
		{932DD5AF-687A-4C71-86C1-719792B0B49D}.AppStore|ARM64.Build.0 = Debug|Any CPU
		{932DD5AF-687A-4C71-86C1-719792B0B49D}.AppStore|iPhone.ActiveCfg = Debug|Any CPU
		{932DD5AF-687A-4C71-86C1-719792B0B49D}.AppStore|iPhone.Build.0 = Debug|Any CPU
		{932DD5AF-687A-4C71-86C1-719792B0B49D}.AppStore|iPhoneSimulator.ActiveCfg = Debug|Any CPU
		{932DD5AF-687A-4C71-86C1-719792B0B49D}.AppStore|iPhoneSimulator.Build.0 = Debug|Any CPU
		{932DD5AF-687A-4C71-86C1-719792B0B49D}.AppStore|x64.ActiveCfg = Debug|Any CPU
		{932DD5AF-687A-4C71-86C1-719792B0B49D}.AppStore|x64.Build.0 = Debug|Any CPU
		{932DD5AF-687A-4C71-86C1-719792B0B49D}.AppStore|x86.ActiveCfg = Debug|Any CPU
		{932DD5AF-687A-4C71-86C1-719792B0B49D}.AppStore|x86.Build.0 = Debug|Any CPU
		{932DD5AF-687A-4C71-86C1-719792B0B49D}.Debug|Any CPU.ActiveCfg = Debug|Any CPU
		{932DD5AF-687A-4C71-86C1-719792B0B49D}.Debug|Any CPU.Build.0 = Debug|Any CPU
		{932DD5AF-687A-4C71-86C1-719792B0B49D}.Debug|ARM.ActiveCfg = Debug|Any CPU
		{932DD5AF-687A-4C71-86C1-719792B0B49D}.Debug|ARM.Build.0 = Debug|Any CPU
		{932DD5AF-687A-4C71-86C1-719792B0B49D}.Debug|ARM64.ActiveCfg = Debug|Any CPU
		{932DD5AF-687A-4C71-86C1-719792B0B49D}.Debug|ARM64.Build.0 = Debug|Any CPU
		{932DD5AF-687A-4C71-86C1-719792B0B49D}.Debug|iPhone.ActiveCfg = Debug|Any CPU
		{932DD5AF-687A-4C71-86C1-719792B0B49D}.Debug|iPhone.Build.0 = Debug|Any CPU
		{932DD5AF-687A-4C71-86C1-719792B0B49D}.Debug|iPhoneSimulator.ActiveCfg = Debug|Any CPU
		{932DD5AF-687A-4C71-86C1-719792B0B49D}.Debug|iPhoneSimulator.Build.0 = Debug|Any CPU
		{932DD5AF-687A-4C71-86C1-719792B0B49D}.Debug|x64.ActiveCfg = Debug|Any CPU
		{932DD5AF-687A-4C71-86C1-719792B0B49D}.Debug|x64.Build.0 = Debug|Any CPU
		{932DD5AF-687A-4C71-86C1-719792B0B49D}.Debug|x86.ActiveCfg = Debug|Any CPU
		{932DD5AF-687A-4C71-86C1-719792B0B49D}.Debug|x86.Build.0 = Debug|Any CPU
		{932DD5AF-687A-4C71-86C1-719792B0B49D}.Release|Any CPU.ActiveCfg = Release|Any CPU
		{932DD5AF-687A-4C71-86C1-719792B0B49D}.Release|Any CPU.Build.0 = Release|Any CPU
		{932DD5AF-687A-4C71-86C1-719792B0B49D}.Release|ARM.ActiveCfg = Release|Any CPU
		{932DD5AF-687A-4C71-86C1-719792B0B49D}.Release|ARM.Build.0 = Release|Any CPU
		{932DD5AF-687A-4C71-86C1-719792B0B49D}.Release|ARM64.ActiveCfg = Release|Any CPU
		{932DD5AF-687A-4C71-86C1-719792B0B49D}.Release|ARM64.Build.0 = Release|Any CPU
		{932DD5AF-687A-4C71-86C1-719792B0B49D}.Release|iPhone.ActiveCfg = Release|Any CPU
		{932DD5AF-687A-4C71-86C1-719792B0B49D}.Release|iPhone.Build.0 = Release|Any CPU
		{932DD5AF-687A-4C71-86C1-719792B0B49D}.Release|iPhoneSimulator.ActiveCfg = Release|Any CPU
		{932DD5AF-687A-4C71-86C1-719792B0B49D}.Release|iPhoneSimulator.Build.0 = Release|Any CPU
		{932DD5AF-687A-4C71-86C1-719792B0B49D}.Release|x64.ActiveCfg = Release|Any CPU
		{932DD5AF-687A-4C71-86C1-719792B0B49D}.Release|x64.Build.0 = Release|Any CPU
		{932DD5AF-687A-4C71-86C1-719792B0B49D}.Release|x86.ActiveCfg = Release|Any CPU
		{932DD5AF-687A-4C71-86C1-719792B0B49D}.Release|x86.Build.0 = Release|Any CPU
		{54BC681D-35D7-44CF-8C71-9C8D1AE4ACE1}.Ad-Hoc|Any CPU.ActiveCfg = Debug|Any CPU
		{54BC681D-35D7-44CF-8C71-9C8D1AE4ACE1}.Ad-Hoc|Any CPU.Build.0 = Debug|Any CPU
		{54BC681D-35D7-44CF-8C71-9C8D1AE4ACE1}.Ad-Hoc|ARM.ActiveCfg = Debug|Any CPU
		{54BC681D-35D7-44CF-8C71-9C8D1AE4ACE1}.Ad-Hoc|ARM.Build.0 = Debug|Any CPU
		{54BC681D-35D7-44CF-8C71-9C8D1AE4ACE1}.Ad-Hoc|ARM64.ActiveCfg = Debug|Any CPU
		{54BC681D-35D7-44CF-8C71-9C8D1AE4ACE1}.Ad-Hoc|ARM64.Build.0 = Debug|Any CPU
		{54BC681D-35D7-44CF-8C71-9C8D1AE4ACE1}.Ad-Hoc|iPhone.ActiveCfg = Debug|Any CPU
		{54BC681D-35D7-44CF-8C71-9C8D1AE4ACE1}.Ad-Hoc|iPhone.Build.0 = Debug|Any CPU
		{54BC681D-35D7-44CF-8C71-9C8D1AE4ACE1}.Ad-Hoc|iPhoneSimulator.ActiveCfg = Debug|Any CPU
		{54BC681D-35D7-44CF-8C71-9C8D1AE4ACE1}.Ad-Hoc|iPhoneSimulator.Build.0 = Debug|Any CPU
		{54BC681D-35D7-44CF-8C71-9C8D1AE4ACE1}.Ad-Hoc|x64.ActiveCfg = Debug|Any CPU
		{54BC681D-35D7-44CF-8C71-9C8D1AE4ACE1}.Ad-Hoc|x64.Build.0 = Debug|Any CPU
		{54BC681D-35D7-44CF-8C71-9C8D1AE4ACE1}.Ad-Hoc|x86.ActiveCfg = Debug|Any CPU
		{54BC681D-35D7-44CF-8C71-9C8D1AE4ACE1}.Ad-Hoc|x86.Build.0 = Debug|Any CPU
		{54BC681D-35D7-44CF-8C71-9C8D1AE4ACE1}.AppStore|Any CPU.ActiveCfg = Debug|Any CPU
		{54BC681D-35D7-44CF-8C71-9C8D1AE4ACE1}.AppStore|Any CPU.Build.0 = Debug|Any CPU
		{54BC681D-35D7-44CF-8C71-9C8D1AE4ACE1}.AppStore|ARM.ActiveCfg = Debug|Any CPU
		{54BC681D-35D7-44CF-8C71-9C8D1AE4ACE1}.AppStore|ARM.Build.0 = Debug|Any CPU
		{54BC681D-35D7-44CF-8C71-9C8D1AE4ACE1}.AppStore|ARM64.ActiveCfg = Debug|Any CPU
		{54BC681D-35D7-44CF-8C71-9C8D1AE4ACE1}.AppStore|ARM64.Build.0 = Debug|Any CPU
		{54BC681D-35D7-44CF-8C71-9C8D1AE4ACE1}.AppStore|iPhone.ActiveCfg = Debug|Any CPU
		{54BC681D-35D7-44CF-8C71-9C8D1AE4ACE1}.AppStore|iPhone.Build.0 = Debug|Any CPU
		{54BC681D-35D7-44CF-8C71-9C8D1AE4ACE1}.AppStore|iPhoneSimulator.ActiveCfg = Debug|Any CPU
		{54BC681D-35D7-44CF-8C71-9C8D1AE4ACE1}.AppStore|iPhoneSimulator.Build.0 = Debug|Any CPU
		{54BC681D-35D7-44CF-8C71-9C8D1AE4ACE1}.AppStore|x64.ActiveCfg = Debug|Any CPU
		{54BC681D-35D7-44CF-8C71-9C8D1AE4ACE1}.AppStore|x64.Build.0 = Debug|Any CPU
		{54BC681D-35D7-44CF-8C71-9C8D1AE4ACE1}.AppStore|x86.ActiveCfg = Debug|Any CPU
		{54BC681D-35D7-44CF-8C71-9C8D1AE4ACE1}.AppStore|x86.Build.0 = Debug|Any CPU
		{54BC681D-35D7-44CF-8C71-9C8D1AE4ACE1}.Debug|Any CPU.ActiveCfg = Debug|Any CPU
		{54BC681D-35D7-44CF-8C71-9C8D1AE4ACE1}.Debug|Any CPU.Build.0 = Debug|Any CPU
		{54BC681D-35D7-44CF-8C71-9C8D1AE4ACE1}.Debug|ARM.ActiveCfg = Debug|Any CPU
		{54BC681D-35D7-44CF-8C71-9C8D1AE4ACE1}.Debug|ARM.Build.0 = Debug|Any CPU
		{54BC681D-35D7-44CF-8C71-9C8D1AE4ACE1}.Debug|ARM64.ActiveCfg = Debug|Any CPU
		{54BC681D-35D7-44CF-8C71-9C8D1AE4ACE1}.Debug|ARM64.Build.0 = Debug|Any CPU
		{54BC681D-35D7-44CF-8C71-9C8D1AE4ACE1}.Debug|iPhone.ActiveCfg = Debug|Any CPU
		{54BC681D-35D7-44CF-8C71-9C8D1AE4ACE1}.Debug|iPhone.Build.0 = Debug|Any CPU
		{54BC681D-35D7-44CF-8C71-9C8D1AE4ACE1}.Debug|iPhoneSimulator.ActiveCfg = Debug|Any CPU
		{54BC681D-35D7-44CF-8C71-9C8D1AE4ACE1}.Debug|iPhoneSimulator.Build.0 = Debug|Any CPU
		{54BC681D-35D7-44CF-8C71-9C8D1AE4ACE1}.Debug|x64.ActiveCfg = Debug|Any CPU
		{54BC681D-35D7-44CF-8C71-9C8D1AE4ACE1}.Debug|x64.Build.0 = Debug|Any CPU
		{54BC681D-35D7-44CF-8C71-9C8D1AE4ACE1}.Debug|x86.ActiveCfg = Debug|Any CPU
		{54BC681D-35D7-44CF-8C71-9C8D1AE4ACE1}.Debug|x86.Build.0 = Debug|Any CPU
		{54BC681D-35D7-44CF-8C71-9C8D1AE4ACE1}.Release|Any CPU.ActiveCfg = Release|Any CPU
		{54BC681D-35D7-44CF-8C71-9C8D1AE4ACE1}.Release|Any CPU.Build.0 = Release|Any CPU
		{54BC681D-35D7-44CF-8C71-9C8D1AE4ACE1}.Release|ARM.ActiveCfg = Release|Any CPU
		{54BC681D-35D7-44CF-8C71-9C8D1AE4ACE1}.Release|ARM.Build.0 = Release|Any CPU
		{54BC681D-35D7-44CF-8C71-9C8D1AE4ACE1}.Release|ARM64.ActiveCfg = Release|Any CPU
		{54BC681D-35D7-44CF-8C71-9C8D1AE4ACE1}.Release|ARM64.Build.0 = Release|Any CPU
		{54BC681D-35D7-44CF-8C71-9C8D1AE4ACE1}.Release|iPhone.ActiveCfg = Release|Any CPU
		{54BC681D-35D7-44CF-8C71-9C8D1AE4ACE1}.Release|iPhone.Build.0 = Release|Any CPU
		{54BC681D-35D7-44CF-8C71-9C8D1AE4ACE1}.Release|iPhoneSimulator.ActiveCfg = Release|Any CPU
		{54BC681D-35D7-44CF-8C71-9C8D1AE4ACE1}.Release|iPhoneSimulator.Build.0 = Release|Any CPU
		{54BC681D-35D7-44CF-8C71-9C8D1AE4ACE1}.Release|x64.ActiveCfg = Release|Any CPU
		{54BC681D-35D7-44CF-8C71-9C8D1AE4ACE1}.Release|x64.Build.0 = Release|Any CPU
		{54BC681D-35D7-44CF-8C71-9C8D1AE4ACE1}.Release|x86.ActiveCfg = Release|Any CPU
		{54BC681D-35D7-44CF-8C71-9C8D1AE4ACE1}.Release|x86.Build.0 = Release|Any CPU
	EndGlobalSection
	GlobalSection(SolutionProperties) = preSolution
		HideSolutionNode = FALSE
	EndGlobalSection
	GlobalSection(NestedProjects) = preSolution
		{D91E578B-95E7-4727-940E-CE60B8E69EBF} = {BF8AB0ED-002A-4A8D-86F7-9814EBCB732F}
		{E374CF42-3590-4DEF-80EE-45E5200B0196} = {BF8AB0ED-002A-4A8D-86F7-9814EBCB732F}
		{161B0C07-EA6A-4FC4-937B-A269E3706370} = {BF8AB0ED-002A-4A8D-86F7-9814EBCB732F}
		{05EF26F9-16BF-4254-93F9-5E18CCC16574} = {BF8AB0ED-002A-4A8D-86F7-9814EBCB732F}
		{4B2BE5E8-D08D-487A-931A-E68F092BD106} = {BF8AB0ED-002A-4A8D-86F7-9814EBCB732F}
		{63AAE51C-688B-4462-8B64-157DEBAB770A} = {BF8AB0ED-002A-4A8D-86F7-9814EBCB732F}
		{EF91472A-8BE6-40C4-A26D-0A40704B8F91} = {BF8AB0ED-002A-4A8D-86F7-9814EBCB732F}
		{932DD5AF-687A-4C71-86C1-719792B0B49D} = {BF8AB0ED-002A-4A8D-86F7-9814EBCB732F}
		{54BC681D-35D7-44CF-8C71-9C8D1AE4ACE1} = {BF8AB0ED-002A-4A8D-86F7-9814EBCB732F}
	EndGlobalSection
	GlobalSection(ExtensibilityGlobals) = postSolution
		SolutionGuid = {62523184-C2FC-4CF0-A28F-895DCA9F3D69}
	EndGlobalSection
EndGlobal
