
Microsoft Visual Studio Solution File, Format Version 12.00
# Visual Studio Version 17
VisualStudioVersion = 17.8.34219.65
MinimumVisualStudioVersion = 10.0.40219.1
Project("{2150E333-8FDC-42A3-9474-1A3956D46DE8}") = "Source", "Source", "{84F15EB1-CE8C-4878-87BA-7D130358B2A3}"
EndProject
Project("{2150E333-8FDC-42A3-9474-1A3956D46DE8}") = "Platforms", "Platforms", "{05F510E0-0B6C-4CAE-B0E8-CD2AE8ABE52F}"
EndProject
Project("{9A19103F-16F7-4668-BE54-9A1E7A4F7556}") = "MyApp", "MyApp\MyApp.csproj", "{C20B1B14-D6C2-429E-83F3-31F284A1EBA8}"
EndProject
Project("{9A19103F-16F7-4668-BE54-9A1E7A4F7556}") = "MyApp.Base", "MyApp.Base\MyApp.Base.csproj", "{FC5FFE6F-61F4-41B3-B63B-031E5974ABB5}"
EndProject
Project("{9A19103F-16F7-4668-BE54-9A1E7A4F7556}") = "MyApp.Mobile", "MyApp.Mobile\MyApp.Mobile.csproj", "{1E88CD48-F430-4C4A-BCC3-ECF8893EFA67}"
EndProject
Project("{9A19103F-16F7-4668-BE54-9A1E7A4F7556}") = "MyApp.Windows", "MyApp.Windows\MyApp.Windows.csproj", "{3F909E22-A03E-48CC-BCDE-EEED95899953}"
EndProject
Project("{9A19103F-16F7-4668-BE54-9A1E7A4F7556}") = "MyApp.Wasm", "MyApp.Wasm\MyApp.Wasm.csproj", "{6D87ED7C-0B45-4C47-B5E8-F42094030D18}"
EndProject
Project("{9A19103F-16F7-4668-BE54-9A1E7A4F7556}") = "MyApp.Skia.Gtk", "MyApp.Skia.Gtk\MyApp.Skia.Gtk.csproj", "{420B5325-6D01-4A86-B3A3-A5F95A291263}"
EndProject
Project("{9A19103F-16F7-4668-BE54-9A1E7A4F7556}") = "MyApp.Skia.Wpf", "MyApp.Skia.WPF\MyApp.Skia.Wpf.csproj", "{9D15802A-2CB2-41DA-B4C6-158F304588CB}"
EndProject
Project("{9A19103F-16F7-4668-BE54-9A1E7A4F7556}") = "MyApp.Skia.Linux.FrameBuffer", "MyApp.Skia.Linux.FrameBuffer\MyApp.Skia.Linux.FrameBuffer.csproj", "{88BF4A41-ABA6-427A-A581-A8BA2E4AC6A6}"
EndProject
Project("{2150E333-8FDC-42A3-9474-1A3956D46DE8}") = "Solution Items", "Solution Items", "{6B60D281-0A73-4D8A-868A-F8761B81E814}"
	ProjectSection(SolutionItems) = preProject
		.gitignore = .gitignore
		Directory.Build.props = Directory.Build.props
		Directory.Build.targets = Directory.Build.targets
		Directory.Packages.props = Directory.Packages.props
	EndProjectSection
EndProject
Global
	GlobalSection(SolutionConfigurationPlatforms) = preSolution
		Debug|Any CPU = Debug|Any CPU
		Debug|arm64 = Debug|arm64
		Debug|x64 = Debug|x64
		Debug|x86 = Debug|x86
		Release|Any CPU = Release|Any CPU
		Release|arm64 = Release|arm64
		Release|x64 = Release|x64
		Release|x86 = Release|x86
	EndGlobalSection
	GlobalSection(ProjectConfigurationPlatforms) = postSolution
		{C20B1B14-D6C2-429E-83F3-31F284A1EBA8}.Debug|Any CPU.ActiveCfg = Debug|Any CPU
		{C20B1B14-D6C2-429E-83F3-31F284A1EBA8}.Debug|Any CPU.Build.0 = Debug|Any CPU
		{C20B1B14-D6C2-429E-83F3-31F284A1EBA8}.Debug|arm64.ActiveCfg = Debug|Any CPU
		{C20B1B14-D6C2-429E-83F3-31F284A1EBA8}.Debug|arm64.Build.0 = Debug|Any CPU
		{C20B1B14-D6C2-429E-83F3-31F284A1EBA8}.Debug|x64.ActiveCfg = Debug|Any CPU
		{C20B1B14-D6C2-429E-83F3-31F284A1EBA8}.Debug|x64.Build.0 = Debug|Any CPU
		{C20B1B14-D6C2-429E-83F3-31F284A1EBA8}.Debug|x86.ActiveCfg = Debug|Any CPU
		{C20B1B14-D6C2-429E-83F3-31F284A1EBA8}.Debug|x86.Build.0 = Debug|Any CPU
		{C20B1B14-D6C2-429E-83F3-31F284A1EBA8}.Release|Any CPU.ActiveCfg = Release|Any CPU
		{C20B1B14-D6C2-429E-83F3-31F284A1EBA8}.Release|Any CPU.Build.0 = Release|Any CPU
		{C20B1B14-D6C2-429E-83F3-31F284A1EBA8}.Release|arm64.ActiveCfg = Release|Any CPU
		{C20B1B14-D6C2-429E-83F3-31F284A1EBA8}.Release|arm64.Build.0 = Release|Any CPU
		{C20B1B14-D6C2-429E-83F3-31F284A1EBA8}.Release|x64.ActiveCfg = Release|Any CPU
		{C20B1B14-D6C2-429E-83F3-31F284A1EBA8}.Release|x64.Build.0 = Release|Any CPU
		{C20B1B14-D6C2-429E-83F3-31F284A1EBA8}.Release|x86.ActiveCfg = Release|Any CPU
		{C20B1B14-D6C2-429E-83F3-31F284A1EBA8}.Release|x86.Build.0 = Release|Any CPU
		{FC5FFE6F-61F4-41B3-B63B-031E5974ABB5}.Debug|Any CPU.ActiveCfg = Debug|Any CPU
		{FC5FFE6F-61F4-41B3-B63B-031E5974ABB5}.Debug|Any CPU.Build.0 = Debug|Any CPU
		{FC5FFE6F-61F4-41B3-B63B-031E5974ABB5}.Debug|arm64.ActiveCfg = Debug|Any CPU
		{FC5FFE6F-61F4-41B3-B63B-031E5974ABB5}.Debug|arm64.Build.0 = Debug|Any CPU
		{FC5FFE6F-61F4-41B3-B63B-031E5974ABB5}.Debug|x64.ActiveCfg = Debug|Any CPU
		{FC5FFE6F-61F4-41B3-B63B-031E5974ABB5}.Debug|x64.Build.0 = Debug|Any CPU
		{FC5FFE6F-61F4-41B3-B63B-031E5974ABB5}.Debug|x86.ActiveCfg = Debug|Any CPU
		{FC5FFE6F-61F4-41B3-B63B-031E5974ABB5}.Debug|x86.Build.0 = Debug|Any CPU
		{FC5FFE6F-61F4-41B3-B63B-031E5974ABB5}.Release|Any CPU.ActiveCfg = Release|Any CPU
		{FC5FFE6F-61F4-41B3-B63B-031E5974ABB5}.Release|Any CPU.Build.0 = Release|Any CPU
		{FC5FFE6F-61F4-41B3-B63B-031E5974ABB5}.Release|arm64.ActiveCfg = Release|Any CPU
		{FC5FFE6F-61F4-41B3-B63B-031E5974ABB5}.Release|arm64.Build.0 = Release|Any CPU
		{FC5FFE6F-61F4-41B3-B63B-031E5974ABB5}.Release|x64.ActiveCfg = Release|Any CPU
		{FC5FFE6F-61F4-41B3-B63B-031E5974ABB5}.Release|x64.Build.0 = Release|Any CPU
		{FC5FFE6F-61F4-41B3-B63B-031E5974ABB5}.Release|x86.ActiveCfg = Release|Any CPU
		{FC5FFE6F-61F4-41B3-B63B-031E5974ABB5}.Release|x86.Build.0 = Release|Any CPU
		{1E88CD48-F430-4C4A-BCC3-ECF8893EFA67}.Debug|Any CPU.ActiveCfg = Debug|Any CPU
		{1E88CD48-F430-4C4A-BCC3-ECF8893EFA67}.Debug|Any CPU.Build.0 = Debug|Any CPU
		{1E88CD48-F430-4C4A-BCC3-ECF8893EFA67}.Debug|Any CPU.Deploy.0 = Debug|Any CPU
		{1E88CD48-F430-4C4A-BCC3-ECF8893EFA67}.Debug|arm64.ActiveCfg = Debug|Any CPU
		{1E88CD48-F430-4C4A-BCC3-ECF8893EFA67}.Debug|arm64.Build.0 = Debug|Any CPU
		{1E88CD48-F430-4C4A-BCC3-ECF8893EFA67}.Debug|arm64.Deploy.0 = Debug|Any CPU
		{1E88CD48-F430-4C4A-BCC3-ECF8893EFA67}.Debug|x64.ActiveCfg = Debug|Any CPU
		{1E88CD48-F430-4C4A-BCC3-ECF8893EFA67}.Debug|x64.Build.0 = Debug|Any CPU
		{1E88CD48-F430-4C4A-BCC3-ECF8893EFA67}.Debug|x64.Deploy.0 = Debug|Any CPU
		{1E88CD48-F430-4C4A-BCC3-ECF8893EFA67}.Debug|x86.ActiveCfg = Debug|Any CPU
		{1E88CD48-F430-4C4A-BCC3-ECF8893EFA67}.Debug|x86.Build.0 = Debug|Any CPU
		{1E88CD48-F430-4C4A-BCC3-ECF8893EFA67}.Debug|x86.Deploy.0 = Debug|Any CPU
		{1E88CD48-F430-4C4A-BCC3-ECF8893EFA67}.Release|Any CPU.ActiveCfg = Release|Any CPU
		{1E88CD48-F430-4C4A-BCC3-ECF8893EFA67}.Release|Any CPU.Build.0 = Release|Any CPU
		{1E88CD48-F430-4C4A-BCC3-ECF8893EFA67}.Release|Any CPU.Deploy.0 = Release|Any CPU
		{1E88CD48-F430-4C4A-BCC3-ECF8893EFA67}.Release|arm64.ActiveCfg = Release|Any CPU
		{1E88CD48-F430-4C4A-BCC3-ECF8893EFA67}.Release|arm64.Build.0 = Release|Any CPU
		{1E88CD48-F430-4C4A-BCC3-ECF8893EFA67}.Release|arm64.Deploy.0 = Release|Any CPU
		{1E88CD48-F430-4C4A-BCC3-ECF8893EFA67}.Release|x64.ActiveCfg = Release|Any CPU
		{1E88CD48-F430-4C4A-BCC3-ECF8893EFA67}.Release|x64.Build.0 = Release|Any CPU
		{1E88CD48-F430-4C4A-BCC3-ECF8893EFA67}.Release|x64.Deploy.0 = Release|Any CPU
		{1E88CD48-F430-4C4A-BCC3-ECF8893EFA67}.Release|x86.ActiveCfg = Release|Any CPU
		{1E88CD48-F430-4C4A-BCC3-ECF8893EFA67}.Release|x86.Build.0 = Release|Any CPU
		{1E88CD48-F430-4C4A-BCC3-ECF8893EFA67}.Release|x86.Deploy.0 = Release|Any CPU
		{3F909E22-A03E-48CC-BCDE-EEED95899953}.Debug|Any CPU.ActiveCfg = Debug|x64
		{3F909E22-A03E-48CC-BCDE-EEED95899953}.Debug|Any CPU.Build.0 = Debug|x64
		{3F909E22-A03E-48CC-BCDE-EEED95899953}.Debug|Any CPU.Deploy.0 = Debug|x64
		{3F909E22-A03E-48CC-BCDE-EEED95899953}.Debug|arm64.ActiveCfg = Debug|arm64
		{3F909E22-A03E-48CC-BCDE-EEED95899953}.Debug|arm64.Build.0 = Debug|arm64
		{3F909E22-A03E-48CC-BCDE-EEED95899953}.Debug|arm64.Deploy.0 = Debug|arm64
		{3F909E22-A03E-48CC-BCDE-EEED95899953}.Debug|x64.ActiveCfg = Debug|x64
		{3F909E22-A03E-48CC-BCDE-EEED95899953}.Debug|x64.Build.0 = Debug|x64
		{3F909E22-A03E-48CC-BCDE-EEED95899953}.Debug|x64.Deploy.0 = Debug|x64
		{3F909E22-A03E-48CC-BCDE-EEED95899953}.Debug|x86.ActiveCfg = Debug|x86
		{3F909E22-A03E-48CC-BCDE-EEED95899953}.Debug|x86.Build.0 = Debug|x86
		{3F909E22-A03E-48CC-BCDE-EEED95899953}.Debug|x86.Deploy.0 = Debug|x86
		{3F909E22-A03E-48CC-BCDE-EEED95899953}.Release|Any CPU.ActiveCfg = Release|x64
		{3F909E22-A03E-48CC-BCDE-EEED95899953}.Release|Any CPU.Build.0 = Release|x64
		{3F909E22-A03E-48CC-BCDE-EEED95899953}.Release|Any CPU.Deploy.0 = Release|x64
		{3F909E22-A03E-48CC-BCDE-EEED95899953}.Release|arm64.ActiveCfg = Release|arm64
		{3F909E22-A03E-48CC-BCDE-EEED95899953}.Release|arm64.Build.0 = Release|arm64
		{3F909E22-A03E-48CC-BCDE-EEED95899953}.Release|arm64.Deploy.0 = Release|arm64
		{3F909E22-A03E-48CC-BCDE-EEED95899953}.Release|x64.ActiveCfg = Release|x64
		{3F909E22-A03E-48CC-BCDE-EEED95899953}.Release|x64.Build.0 = Release|x64
		{3F909E22-A03E-48CC-BCDE-EEED95899953}.Release|x64.Deploy.0 = Release|x64
		{3F909E22-A03E-48CC-BCDE-EEED95899953}.Release|x86.ActiveCfg = Release|x86
		{3F909E22-A03E-48CC-BCDE-EEED95899953}.Release|x86.Build.0 = Release|x86
		{3F909E22-A03E-48CC-BCDE-EEED95899953}.Release|x86.Deploy.0 = Release|x86
		{6D87ED7C-0B45-4C47-B5E8-F42094030D18}.Debug|Any CPU.ActiveCfg = Debug|Any CPU
		{6D87ED7C-0B45-4C47-B5E8-F42094030D18}.Debug|Any CPU.Build.0 = Debug|Any CPU
		{6D87ED7C-0B45-4C47-B5E8-F42094030D18}.Debug|arm64.ActiveCfg = Debug|Any CPU
		{6D87ED7C-0B45-4C47-B5E8-F42094030D18}.Debug|arm64.Build.0 = Debug|Any CPU
		{6D87ED7C-0B45-4C47-B5E8-F42094030D18}.Debug|x64.ActiveCfg = Debug|Any CPU
		{6D87ED7C-0B45-4C47-B5E8-F42094030D18}.Debug|x64.Build.0 = Debug|Any CPU
		{6D87ED7C-0B45-4C47-B5E8-F42094030D18}.Debug|x86.ActiveCfg = Debug|Any CPU
		{6D87ED7C-0B45-4C47-B5E8-F42094030D18}.Debug|x86.Build.0 = Debug|Any CPU
		{6D87ED7C-0B45-4C47-B5E8-F42094030D18}.Release|Any CPU.ActiveCfg = Release|Any CPU
		{6D87ED7C-0B45-4C47-B5E8-F42094030D18}.Release|Any CPU.Build.0 = Release|Any CPU
		{6D87ED7C-0B45-4C47-B5E8-F42094030D18}.Release|arm64.ActiveCfg = Release|Any CPU
		{6D87ED7C-0B45-4C47-B5E8-F42094030D18}.Release|arm64.Build.0 = Release|Any CPU
		{6D87ED7C-0B45-4C47-B5E8-F42094030D18}.Release|x64.ActiveCfg = Release|Any CPU
		{6D87ED7C-0B45-4C47-B5E8-F42094030D18}.Release|x64.Build.0 = Release|Any CPU
		{6D87ED7C-0B45-4C47-B5E8-F42094030D18}.Release|x86.ActiveCfg = Release|Any CPU
		{6D87ED7C-0B45-4C47-B5E8-F42094030D18}.Release|x86.Build.0 = Release|Any CPU
		{420B5325-6D01-4A86-B3A3-A5F95A291263}.Debug|Any CPU.ActiveCfg = Debug|Any CPU
		{420B5325-6D01-4A86-B3A3-A5F95A291263}.Debug|Any CPU.Build.0 = Debug|Any CPU
		{420B5325-6D01-4A86-B3A3-A5F95A291263}.Debug|arm64.ActiveCfg = Debug|Any CPU
		{420B5325-6D01-4A86-B3A3-A5F95A291263}.Debug|arm64.Build.0 = Debug|Any CPU
		{420B5325-6D01-4A86-B3A3-A5F95A291263}.Debug|x64.ActiveCfg = Debug|Any CPU
		{420B5325-6D01-4A86-B3A3-A5F95A291263}.Debug|x64.Build.0 = Debug|Any CPU
		{420B5325-6D01-4A86-B3A3-A5F95A291263}.Debug|x86.ActiveCfg = Debug|Any CPU
		{420B5325-6D01-4A86-B3A3-A5F95A291263}.Debug|x86.Build.0 = Debug|Any CPU
		{420B5325-6D01-4A86-B3A3-A5F95A291263}.Release|Any CPU.ActiveCfg = Release|Any CPU
		{420B5325-6D01-4A86-B3A3-A5F95A291263}.Release|Any CPU.Build.0 = Release|Any CPU
		{420B5325-6D01-4A86-B3A3-A5F95A291263}.Release|arm64.ActiveCfg = Release|Any CPU
		{420B5325-6D01-4A86-B3A3-A5F95A291263}.Release|arm64.Build.0 = Release|Any CPU
		{420B5325-6D01-4A86-B3A3-A5F95A291263}.Release|x64.ActiveCfg = Release|Any CPU
		{420B5325-6D01-4A86-B3A3-A5F95A291263}.Release|x64.Build.0 = Release|Any CPU
		{420B5325-6D01-4A86-B3A3-A5F95A291263}.Release|x86.ActiveCfg = Release|Any CPU
		{420B5325-6D01-4A86-B3A3-A5F95A291263}.Release|x86.Build.0 = Release|Any CPU
		{9D15802A-2CB2-41DA-B4C6-158F304588CB}.Debug|Any CPU.ActiveCfg = Debug|Any CPU
		{9D15802A-2CB2-41DA-B4C6-158F304588CB}.Debug|Any CPU.Build.0 = Debug|Any CPU
		{9D15802A-2CB2-41DA-B4C6-158F304588CB}.Debug|arm64.ActiveCfg = Debug|Any CPU
		{9D15802A-2CB2-41DA-B4C6-158F304588CB}.Debug|arm64.Build.0 = Debug|Any CPU
		{9D15802A-2CB2-41DA-B4C6-158F304588CB}.Debug|x64.ActiveCfg = Debug|Any CPU
		{9D15802A-2CB2-41DA-B4C6-158F304588CB}.Debug|x64.Build.0 = Debug|Any CPU
		{9D15802A-2CB2-41DA-B4C6-158F304588CB}.Debug|x86.ActiveCfg = Debug|Any CPU
		{9D15802A-2CB2-41DA-B4C6-158F304588CB}.Debug|x86.Build.0 = Debug|Any CPU
		{9D15802A-2CB2-41DA-B4C6-158F304588CB}.Release|Any CPU.ActiveCfg = Release|Any CPU
		{9D15802A-2CB2-41DA-B4C6-158F304588CB}.Release|Any CPU.Build.0 = Release|Any CPU
		{9D15802A-2CB2-41DA-B4C6-158F304588CB}.Release|arm64.ActiveCfg = Release|Any CPU
		{9D15802A-2CB2-41DA-B4C6-158F304588CB}.Release|arm64.Build.0 = Release|Any CPU
		{9D15802A-2CB2-41DA-B4C6-158F304588CB}.Release|x64.ActiveCfg = Release|Any CPU
		{9D15802A-2CB2-41DA-B4C6-158F304588CB}.Release|x64.Build.0 = Release|Any CPU
		{9D15802A-2CB2-41DA-B4C6-158F304588CB}.Release|x86.ActiveCfg = Release|Any CPU
		{9D15802A-2CB2-41DA-B4C6-158F304588CB}.Release|x86.Build.0 = Release|Any CPU
		{88BF4A41-ABA6-427A-A581-A8BA2E4AC6A6}.Debug|Any CPU.ActiveCfg = Debug|Any CPU
		{88BF4A41-ABA6-427A-A581-A8BA2E4AC6A6}.Debug|Any CPU.Build.0 = Debug|Any CPU
		{88BF4A41-ABA6-427A-A581-A8BA2E4AC6A6}.Debug|arm64.ActiveCfg = Debug|Any CPU
		{88BF4A41-ABA6-427A-A581-A8BA2E4AC6A6}.Debug|arm64.Build.0 = Debug|Any CPU
		{88BF4A41-ABA6-427A-A581-A8BA2E4AC6A6}.Debug|x64.ActiveCfg = Debug|Any CPU
		{88BF4A41-ABA6-427A-A581-A8BA2E4AC6A6}.Debug|x64.Build.0 = Debug|Any CPU
		{88BF4A41-ABA6-427A-A581-A8BA2E4AC6A6}.Debug|x86.ActiveCfg = Debug|Any CPU
		{88BF4A41-ABA6-427A-A581-A8BA2E4AC6A6}.Debug|x86.Build.0 = Debug|Any CPU
		{88BF4A41-ABA6-427A-A581-A8BA2E4AC6A6}.Release|Any CPU.ActiveCfg = Release|Any CPU
		{88BF4A41-ABA6-427A-A581-A8BA2E4AC6A6}.Release|Any CPU.Build.0 = Release|Any CPU
		{88BF4A41-ABA6-427A-A581-A8BA2E4AC6A6}.Release|arm64.ActiveCfg = Release|Any CPU
		{88BF4A41-ABA6-427A-A581-A8BA2E4AC6A6}.Release|arm64.Build.0 = Release|Any CPU
		{88BF4A41-ABA6-427A-A581-A8BA2E4AC6A6}.Release|x64.ActiveCfg = Release|Any CPU
		{88BF4A41-ABA6-427A-A581-A8BA2E4AC6A6}.Release|x64.Build.0 = Release|Any CPU
		{88BF4A41-ABA6-427A-A581-A8BA2E4AC6A6}.Release|x86.ActiveCfg = Release|Any CPU
		{88BF4A41-ABA6-427A-A581-A8BA2E4AC6A6}.Release|x86.Build.0 = Release|Any CPU
	EndGlobalSection
	GlobalSection(SolutionProperties) = preSolution
		HideSolutionNode = FALSE
	EndGlobalSection
	GlobalSection(NestedProjects) = preSolution
		{05F510E0-0B6C-4CAE-B0E8-CD2AE8ABE52F} = {84F15EB1-CE8C-4878-87BA-7D130358B2A3}
		{C20B1B14-D6C2-429E-83F3-31F284A1EBA8} = {84F15EB1-CE8C-4878-87BA-7D130358B2A3}
		{FC5FFE6F-61F4-41B3-B63B-031E5974ABB5} = {05F510E0-0B6C-4CAE-B0E8-CD2AE8ABE52F}
		{1E88CD48-F430-4C4A-BCC3-ECF8893EFA67} = {05F510E0-0B6C-4CAE-B0E8-CD2AE8ABE52F}
		{3F909E22-A03E-48CC-BCDE-EEED95899953} = {05F510E0-0B6C-4CAE-B0E8-CD2AE8ABE52F}
		{6D87ED7C-0B45-4C47-B5E8-F42094030D18} = {05F510E0-0B6C-4CAE-B0E8-CD2AE8ABE52F}
		{420B5325-6D01-4A86-B3A3-A5F95A291263} = {05F510E0-0B6C-4CAE-B0E8-CD2AE8ABE52F}
		{9D15802A-2CB2-41DA-B4C6-158F304588CB} = {05F510E0-0B6C-4CAE-B0E8-CD2AE8ABE52F}
		{88BF4A41-ABA6-427A-A581-A8BA2E4AC6A6} = {05F510E0-0B6C-4CAE-B0E8-CD2AE8ABE52F}
	EndGlobalSection
	GlobalSection(ExtensibilityGlobals) = postSolution
		SolutionGuid = {6692CBF9-C1C6-4C82-9F42-67C7BF86FED0}
	EndGlobalSection
EndGlobal
