Microsoft Visual Studio Solution File, Format Version 12.00
# Visual Studio Version 17
VisualStudioVersion = 17.2.32408.312
MinimumVisualStudioVersion = 15.0.26124.0
Project("{D954291E-2A0B-460D-934E-DC6B0785DB48}") = "MyApp.Shared", "MyApp.Shared\MyApp.Shared.shproj", "{6279C845-92F8-4333-AB99-3D213163593C}"
EndProject
Project("{FAE04EC0-301F-11D3-BF4B-00C04F79EFBC}") = "MyApp.Droid", "MyApp.Droid\MyApp.Droid.csproj", "{393C9809-6F07-4008-8619-C6B290744B60}"
EndProject
Project("{FAE04EC0-301F-11D3-BF4B-00C04F79EFBC}") = "MyApp.iOS", "MyApp.iOS\MyApp.iOS.csproj", "{EE4ADF09-F369-4B6B-AEEE-943ED0A66583}"
EndProject
Project("{FAE04EC0-301F-11D3-BF4B-00C04F79EFBC}") = "MyApp.Uwp", "MyApp.UWP\MyApp.Uwp.csproj", "{C4E2712A-A40B-4B60-85F8-61761BACCCA5}"
EndProject
Project("{9A19103F-16F7-4668-BE54-9A1E7A4F7556}") = "MyApp.Wasm", "MyApp.Wasm\MyApp.Wasm.csproj", "{40EA03F7-8A22-4143-B251-79BAC3EB13D2}"
EndProject
Project("{FAE04EC0-301F-11D3-BF4B-00C04F79EFBC}") = "MyApp.macOS", "MyApp.macOS\MyApp.macOS.csproj", "{461886D8-D2DC-46D6-9B94-5FEC8D42C62B}"
EndProject
Project("{9A19103F-16F7-4668-BE54-9A1E7A4F7556}") = "MyApp.Skia.Gtk", "MyApp.Skia.Gtk\MyApp.Skia.Gtk.csproj", "{A5B8155A-118F-4794-B551-C6F3CF7E5411}"
EndProject
Project("{9A19103F-16F7-4668-BE54-9A1E7A4F7556}") = "MyApp.Skia.WPF", "MyApp.Skia.WPF\MyApp.Skia.WPF.csproj", "{1093AFD2-6918-445A-B567-04EA53F71D8E}"
EndProject
Project("{9A19103F-16F7-4668-BE54-9A1E7A4F7556}") = "MyApp.Skia.Wpf.Host", "MyApp.Skia.WPF.Host\MyApp.Skia.Wpf.Host.csproj", "{6CF284A4-22B1-4F05-97F4-F095C07A598E}"
EndProject
Project("{9A19103F-16F7-4668-BE54-9A1E7A4F7556}") = "MyApp.Skia.Tizen", "MyApp.Skia.Tizen\MyApp.Skia.Tizen.csproj", "{9AED22A6-77DC-4799-BAE7-5F26F2070BD2}"
EndProject
Project("{9A19103F-16F7-4668-BE54-9A1E7A4F7556}") = "MyApp.Skia.Linux.FrameBuffer", "MyApp.Skia.Linux.FrameBuffer\MyApp.Skia.Linux.FrameBuffer.csproj", "{761D821E-9905-4444-9ADF-76C995FE5427}"
EndProject
Global
	GlobalSection(SolutionConfigurationPlatforms) = preSolution
		Debug|Any CPU = Debug|Any CPU
		Debug|ARM = Debug|ARM
		Debug|ARM64 = Debug|ARM64
		Debug|iPhone = Debug|iPhone
		Debug|iPhoneSimulator = Debug|iPhoneSimulator
		Debug|x64 = Debug|x64
		Debug|x86 = Debug|x86
		Release|Any CPU = Release|Any CPU
		Release|ARM = Release|ARM
		Release|ARM64 = Release|ARM64
		Release|iPhone = Release|iPhone
		Release|iPhoneSimulator = Release|iPhoneSimulator
		Release|x64 = Release|x64
		Release|x86 = Release|x86
	EndGlobalSection
	GlobalSection(ProjectConfigurationPlatforms) = postSolution
		{393C9809-6F07-4008-8619-C6B290744B60}.Debug|Any CPU.ActiveCfg = Debug|Any CPU
		{393C9809-6F07-4008-8619-C6B290744B60}.Debug|Any CPU.Build.0 = Debug|Any CPU
		{393C9809-6F07-4008-8619-C6B290744B60}.Debug|Any CPU.Deploy.0 = Debug|Any CPU
		{393C9809-6F07-4008-8619-C6B290744B60}.Debug|ARM.ActiveCfg = Debug|Any CPU
		{393C9809-6F07-4008-8619-C6B290744B60}.Debug|ARM.Build.0 = Debug|Any CPU
		{393C9809-6F07-4008-8619-C6B290744B60}.Debug|ARM.Deploy.0 = Debug|Any CPU
		{393C9809-6F07-4008-8619-C6B290744B60}.Debug|ARM64.ActiveCfg = Debug|Any CPU
		{393C9809-6F07-4008-8619-C6B290744B60}.Debug|ARM64.Build.0 = Debug|Any CPU
		{393C9809-6F07-4008-8619-C6B290744B60}.Debug|ARM64.Deploy.0 = Debug|Any CPU
		{393C9809-6F07-4008-8619-C6B290744B60}.Debug|iPhone.ActiveCfg = Debug|Any CPU
		{393C9809-6F07-4008-8619-C6B290744B60}.Debug|iPhone.Build.0 = Debug|Any CPU
		{393C9809-6F07-4008-8619-C6B290744B60}.Debug|iPhone.Deploy.0 = Debug|Any CPU
		{393C9809-6F07-4008-8619-C6B290744B60}.Debug|iPhoneSimulator.ActiveCfg = Debug|Any CPU
		{393C9809-6F07-4008-8619-C6B290744B60}.Debug|iPhoneSimulator.Build.0 = Debug|Any CPU
		{393C9809-6F07-4008-8619-C6B290744B60}.Debug|iPhoneSimulator.Deploy.0 = Debug|Any CPU
		{393C9809-6F07-4008-8619-C6B290744B60}.Debug|x64.ActiveCfg = Debug|Any CPU
		{393C9809-6F07-4008-8619-C6B290744B60}.Debug|x64.Build.0 = Debug|Any CPU
		{393C9809-6F07-4008-8619-C6B290744B60}.Debug|x64.Deploy.0 = Debug|Any CPU
		{393C9809-6F07-4008-8619-C6B290744B60}.Debug|x86.ActiveCfg = Debug|Any CPU
		{393C9809-6F07-4008-8619-C6B290744B60}.Debug|x86.Build.0 = Debug|Any CPU
		{393C9809-6F07-4008-8619-C6B290744B60}.Debug|x86.Deploy.0 = Debug|Any CPU
		{393C9809-6F07-4008-8619-C6B290744B60}.Release|Any CPU.ActiveCfg = Release|Any CPU
		{393C9809-6F07-4008-8619-C6B290744B60}.Release|Any CPU.Build.0 = Release|Any CPU
		{393C9809-6F07-4008-8619-C6B290744B60}.Release|Any CPU.Deploy.0 = Release|Any CPU
		{393C9809-6F07-4008-8619-C6B290744B60}.Release|ARM.ActiveCfg = Release|Any CPU
		{393C9809-6F07-4008-8619-C6B290744B60}.Release|ARM.Build.0 = Release|Any CPU
		{393C9809-6F07-4008-8619-C6B290744B60}.Release|ARM.Deploy.0 = Release|Any CPU
		{393C9809-6F07-4008-8619-C6B290744B60}.Release|ARM64.ActiveCfg = Release|Any CPU
		{393C9809-6F07-4008-8619-C6B290744B60}.Release|ARM64.Build.0 = Release|Any CPU
		{393C9809-6F07-4008-8619-C6B290744B60}.Release|ARM64.Deploy.0 = Release|Any CPU
		{393C9809-6F07-4008-8619-C6B290744B60}.Release|iPhone.ActiveCfg = Release|Any CPU
		{393C9809-6F07-4008-8619-C6B290744B60}.Release|iPhone.Build.0 = Release|Any CPU
		{393C9809-6F07-4008-8619-C6B290744B60}.Release|iPhone.Deploy.0 = Release|Any CPU
		{393C9809-6F07-4008-8619-C6B290744B60}.Release|iPhoneSimulator.ActiveCfg = Release|Any CPU
		{393C9809-6F07-4008-8619-C6B290744B60}.Release|iPhoneSimulator.Build.0 = Release|Any CPU
		{393C9809-6F07-4008-8619-C6B290744B60}.Release|iPhoneSimulator.Deploy.0 = Release|Any CPU
		{393C9809-6F07-4008-8619-C6B290744B60}.Release|x64.ActiveCfg = Release|Any CPU
		{393C9809-6F07-4008-8619-C6B290744B60}.Release|x64.Build.0 = Release|Any CPU
		{393C9809-6F07-4008-8619-C6B290744B60}.Release|x64.Deploy.0 = Release|Any CPU
		{393C9809-6F07-4008-8619-C6B290744B60}.Release|x86.ActiveCfg = Release|Any CPU
		{393C9809-6F07-4008-8619-C6B290744B60}.Release|x86.Build.0 = Release|Any CPU
		{393C9809-6F07-4008-8619-C6B290744B60}.Release|x86.Deploy.0 = Release|Any CPU
		{EE4ADF09-F369-4B6B-AEEE-943ED0A66583}.Debug|Any CPU.ActiveCfg = Debug|iPhone
		{EE4ADF09-F369-4B6B-AEEE-943ED0A66583}.Debug|Any CPU.Build.0 = Debug|iPhone
		{EE4ADF09-F369-4B6B-AEEE-943ED0A66583}.Debug|Any CPU.Deploy.0 = Debug|iPhone
		{EE4ADF09-F369-4B6B-AEEE-943ED0A66583}.Debug|ARM.ActiveCfg = Debug|iPhone
		{EE4ADF09-F369-4B6B-AEEE-943ED0A66583}.Debug|ARM64.ActiveCfg = Debug|iPhone
		{EE4ADF09-F369-4B6B-AEEE-943ED0A66583}.Debug|iPhone.ActiveCfg = Debug|iPhone
		{EE4ADF09-F369-4B6B-AEEE-943ED0A66583}.Debug|iPhone.Build.0 = Debug|iPhone
		{EE4ADF09-F369-4B6B-AEEE-943ED0A66583}.Debug|iPhoneSimulator.ActiveCfg = Debug|iPhoneSimulator
		{EE4ADF09-F369-4B6B-AEEE-943ED0A66583}.Debug|iPhoneSimulator.Build.0 = Debug|iPhoneSimulator
		{EE4ADF09-F369-4B6B-AEEE-943ED0A66583}.Debug|x64.ActiveCfg = Debug|iPhone
		{EE4ADF09-F369-4B6B-AEEE-943ED0A66583}.Debug|x64.Build.0 = Debug|iPhone
		{EE4ADF09-F369-4B6B-AEEE-943ED0A66583}.Debug|x64.Deploy.0 = Debug|iPhone
		{EE4ADF09-F369-4B6B-AEEE-943ED0A66583}.Debug|x86.ActiveCfg = Debug|iPhoneSimulator
		{EE4ADF09-F369-4B6B-AEEE-943ED0A66583}.Debug|x86.Build.0 = Debug|iPhoneSimulator
		{EE4ADF09-F369-4B6B-AEEE-943ED0A66583}.Debug|x86.Deploy.0 = Debug|iPhoneSimulator
		{EE4ADF09-F369-4B6B-AEEE-943ED0A66583}.Release|Any CPU.ActiveCfg = Release|iPhone
		{EE4ADF09-F369-4B6B-AEEE-943ED0A66583}.Release|ARM.ActiveCfg = Release|iPhone
		{EE4ADF09-F369-4B6B-AEEE-943ED0A66583}.Release|ARM64.ActiveCfg = Release|iPhone
		{EE4ADF09-F369-4B6B-AEEE-943ED0A66583}.Release|iPhone.ActiveCfg = Release|iPhone
		{EE4ADF09-F369-4B6B-AEEE-943ED0A66583}.Release|iPhone.Build.0 = Release|iPhone
		{EE4ADF09-F369-4B6B-AEEE-943ED0A66583}.Release|iPhoneSimulator.ActiveCfg = Release|iPhoneSimulator
		{EE4ADF09-F369-4B6B-AEEE-943ED0A66583}.Release|iPhoneSimulator.Build.0 = Release|iPhoneSimulator
		{EE4ADF09-F369-4B6B-AEEE-943ED0A66583}.Release|x64.ActiveCfg = Release|iPhoneSimulator
		{EE4ADF09-F369-4B6B-AEEE-943ED0A66583}.Release|x64.Build.0 = Release|iPhoneSimulator
		{EE4ADF09-F369-4B6B-AEEE-943ED0A66583}.Release|x64.Deploy.0 = Release|iPhoneSimulator
		{EE4ADF09-F369-4B6B-AEEE-943ED0A66583}.Release|x86.ActiveCfg = Release|iPhoneSimulator
		{EE4ADF09-F369-4B6B-AEEE-943ED0A66583}.Release|x86.Build.0 = Release|iPhoneSimulator
		{C4E2712A-A40B-4B60-85F8-61761BACCCA5}.Debug|Any CPU.ActiveCfg = Debug|x86
		{C4E2712A-A40B-4B60-85F8-61761BACCCA5}.Debug|Any CPU.Build.0 = Debug|x86
		{C4E2712A-A40B-4B60-85F8-61761BACCCA5}.Debug|Any CPU.Deploy.0 = Debug|x86
		{C4E2712A-A40B-4B60-85F8-61761BACCCA5}.Debug|ARM.ActiveCfg = Debug|ARM
		{C4E2712A-A40B-4B60-85F8-61761BACCCA5}.Debug|ARM.Build.0 = Debug|ARM
		{C4E2712A-A40B-4B60-85F8-61761BACCCA5}.Debug|ARM.Deploy.0 = Debug|ARM
		{C4E2712A-A40B-4B60-85F8-61761BACCCA5}.Debug|ARM64.ActiveCfg = Debug|ARM64
		{C4E2712A-A40B-4B60-85F8-61761BACCCA5}.Debug|ARM64.Build.0 = Debug|ARM64
		{C4E2712A-A40B-4B60-85F8-61761BACCCA5}.Debug|ARM64.Deploy.0 = Debug|ARM64
		{C4E2712A-A40B-4B60-85F8-61761BACCCA5}.Debug|iPhone.ActiveCfg = Debug|x86
		{C4E2712A-A40B-4B60-85F8-61761BACCCA5}.Debug|iPhone.Build.0 = Debug|x86
		{C4E2712A-A40B-4B60-85F8-61761BACCCA5}.Debug|iPhone.Deploy.0 = Debug|x86
		{C4E2712A-A40B-4B60-85F8-61761BACCCA5}.Debug|iPhoneSimulator.ActiveCfg = Debug|x86
		{C4E2712A-A40B-4B60-85F8-61761BACCCA5}.Debug|iPhoneSimulator.Build.0 = Debug|x86
		{C4E2712A-A40B-4B60-85F8-61761BACCCA5}.Debug|iPhoneSimulator.Deploy.0 = Debug|x86
		{C4E2712A-A40B-4B60-85F8-61761BACCCA5}.Debug|x64.ActiveCfg = Debug|x64
		{C4E2712A-A40B-4B60-85F8-61761BACCCA5}.Debug|x64.Build.0 = Debug|x64
		{C4E2712A-A40B-4B60-85F8-61761BACCCA5}.Debug|x64.Deploy.0 = Debug|x64
		{C4E2712A-A40B-4B60-85F8-61761BACCCA5}.Debug|x86.ActiveCfg = Debug|x86
		{C4E2712A-A40B-4B60-85F8-61761BACCCA5}.Debug|x86.Build.0 = Debug|x86
		{C4E2712A-A40B-4B60-85F8-61761BACCCA5}.Debug|x86.Deploy.0 = Debug|x86
		{C4E2712A-A40B-4B60-85F8-61761BACCCA5}.Release|Any CPU.ActiveCfg = Release|x86
		{C4E2712A-A40B-4B60-85F8-61761BACCCA5}.Release|ARM.ActiveCfg = Release|ARM
		{C4E2712A-A40B-4B60-85F8-61761BACCCA5}.Release|ARM.Build.0 = Release|ARM
		{C4E2712A-A40B-4B60-85F8-61761BACCCA5}.Release|ARM.Deploy.0 = Release|ARM
		{C4E2712A-A40B-4B60-85F8-61761BACCCA5}.Release|ARM64.ActiveCfg = Release|ARM64
		{C4E2712A-A40B-4B60-85F8-61761BACCCA5}.Release|ARM64.Build.0 = Release|ARM64
		{C4E2712A-A40B-4B60-85F8-61761BACCCA5}.Release|ARM64.Deploy.0 = Release|ARM64
		{C4E2712A-A40B-4B60-85F8-61761BACCCA5}.Release|iPhone.ActiveCfg = Release|x86
		{C4E2712A-A40B-4B60-85F8-61761BACCCA5}.Release|iPhone.Build.0 = Release|x86
		{C4E2712A-A40B-4B60-85F8-61761BACCCA5}.Release|iPhoneSimulator.ActiveCfg = Release|x86
		{C4E2712A-A40B-4B60-85F8-61761BACCCA5}.Release|iPhoneSimulator.Build.0 = Release|x86
		{C4E2712A-A40B-4B60-85F8-61761BACCCA5}.Release|iPhoneSimulator.Deploy.0 = Release|x86
		{C4E2712A-A40B-4B60-85F8-61761BACCCA5}.Release|x64.ActiveCfg = Release|x64
		{C4E2712A-A40B-4B60-85F8-61761BACCCA5}.Release|x64.Build.0 = Release|x64
		{C4E2712A-A40B-4B60-85F8-61761BACCCA5}.Release|x64.Deploy.0 = Release|x64
		{C4E2712A-A40B-4B60-85F8-61761BACCCA5}.Release|x86.ActiveCfg = Release|x86
		{C4E2712A-A40B-4B60-85F8-61761BACCCA5}.Release|x86.Build.0 = Release|x86
		{C4E2712A-A40B-4B60-85F8-61761BACCCA5}.Release|x86.Deploy.0 = Release|x86
		{40EA03F7-8A22-4143-B251-79BAC3EB13D2}.Debug|Any CPU.ActiveCfg = Debug|Any CPU
		{40EA03F7-8A22-4143-B251-79BAC3EB13D2}.Debug|Any CPU.Build.0 = Debug|Any CPU
		{40EA03F7-8A22-4143-B251-79BAC3EB13D2}.Debug|ARM.ActiveCfg = Debug|Any CPU
		{40EA03F7-8A22-4143-B251-79BAC3EB13D2}.Debug|ARM.Build.0 = Debug|Any CPU
		{40EA03F7-8A22-4143-B251-79BAC3EB13D2}.Debug|ARM64.ActiveCfg = Debug|Any CPU
		{40EA03F7-8A22-4143-B251-79BAC3EB13D2}.Debug|ARM64.Build.0 = Debug|Any CPU
		{40EA03F7-8A22-4143-B251-79BAC3EB13D2}.Debug|iPhone.ActiveCfg = Debug|Any CPU
		{40EA03F7-8A22-4143-B251-79BAC3EB13D2}.Debug|iPhone.Build.0 = Debug|Any CPU
		{40EA03F7-8A22-4143-B251-79BAC3EB13D2}.Debug|iPhoneSimulator.ActiveCfg = Debug|Any CPU
		{40EA03F7-8A22-4143-B251-79BAC3EB13D2}.Debug|iPhoneSimulator.Build.0 = Debug|Any CPU
		{40EA03F7-8A22-4143-B251-79BAC3EB13D2}.Debug|x64.ActiveCfg = Debug|Any CPU
		{40EA03F7-8A22-4143-B251-79BAC3EB13D2}.Debug|x64.Build.0 = Debug|Any CPU
		{40EA03F7-8A22-4143-B251-79BAC3EB13D2}.Debug|x86.ActiveCfg = Debug|Any CPU
		{40EA03F7-8A22-4143-B251-79BAC3EB13D2}.Debug|x86.Build.0 = Debug|Any CPU
		{40EA03F7-8A22-4143-B251-79BAC3EB13D2}.Release|Any CPU.ActiveCfg = Release|Any CPU
		{40EA03F7-8A22-4143-B251-79BAC3EB13D2}.Release|Any CPU.Build.0 = Release|Any CPU
		{40EA03F7-8A22-4143-B251-79BAC3EB13D2}.Release|ARM.ActiveCfg = Release|Any CPU
		{40EA03F7-8A22-4143-B251-79BAC3EB13D2}.Release|ARM.Build.0 = Release|Any CPU
		{40EA03F7-8A22-4143-B251-79BAC3EB13D2}.Release|ARM64.ActiveCfg = Release|Any CPU
		{40EA03F7-8A22-4143-B251-79BAC3EB13D2}.Release|ARM64.Build.0 = Release|Any CPU
		{40EA03F7-8A22-4143-B251-79BAC3EB13D2}.Release|iPhone.ActiveCfg = Release|Any CPU
		{40EA03F7-8A22-4143-B251-79BAC3EB13D2}.Release|iPhone.Build.0 = Release|Any CPU
		{40EA03F7-8A22-4143-B251-79BAC3EB13D2}.Release|iPhoneSimulator.ActiveCfg = Release|Any CPU
		{40EA03F7-8A22-4143-B251-79BAC3EB13D2}.Release|iPhoneSimulator.Build.0 = Release|Any CPU
		{40EA03F7-8A22-4143-B251-79BAC3EB13D2}.Release|x64.ActiveCfg = Release|Any CPU
		{40EA03F7-8A22-4143-B251-79BAC3EB13D2}.Release|x64.Build.0 = Release|Any CPU
		{40EA03F7-8A22-4143-B251-79BAC3EB13D2}.Release|x86.ActiveCfg = Release|Any CPU
		{40EA03F7-8A22-4143-B251-79BAC3EB13D2}.Release|x86.Build.0 = Release|Any CPU
		{461886D8-D2DC-46D6-9B94-5FEC8D42C62B}.Debug|Any CPU.ActiveCfg = Debug|iPhoneSimulator
		{461886D8-D2DC-46D6-9B94-5FEC8D42C62B}.Debug|Any CPU.Build.0 = Debug|iPhoneSimulator
		{461886D8-D2DC-46D6-9B94-5FEC8D42C62B}.Debug|ARM.ActiveCfg = Debug|iPhoneSimulator
		{461886D8-D2DC-46D6-9B94-5FEC8D42C62B}.Debug|ARM64.ActiveCfg = Debug|iPhoneSimulator
		{461886D8-D2DC-46D6-9B94-5FEC8D42C62B}.Debug|iPhone.ActiveCfg = Debug|iPhoneSimulator
		{461886D8-D2DC-46D6-9B94-5FEC8D42C62B}.Debug|iPhone.Build.0 = Debug|iPhoneSimulator
		{461886D8-D2DC-46D6-9B94-5FEC8D42C62B}.Debug|iPhoneSimulator.ActiveCfg = Debug|iPhoneSimulator
		{461886D8-D2DC-46D6-9B94-5FEC8D42C62B}.Debug|iPhoneSimulator.Build.0 = Debug|iPhoneSimulator
		{461886D8-D2DC-46D6-9B94-5FEC8D42C62B}.Debug|x64.ActiveCfg = Debug|iPhoneSimulator
		{461886D8-D2DC-46D6-9B94-5FEC8D42C62B}.Debug|x64.Build.0 = Debug|iPhoneSimulator
		{461886D8-D2DC-46D6-9B94-5FEC8D42C62B}.Debug|x86.ActiveCfg = Debug|iPhoneSimulator
		{461886D8-D2DC-46D6-9B94-5FEC8D42C62B}.Debug|x86.Build.0 = Debug|iPhoneSimulator
		{461886D8-D2DC-46D6-9B94-5FEC8D42C62B}.Release|Any CPU.ActiveCfg = Release|iPhoneSimulator
		{461886D8-D2DC-46D6-9B94-5FEC8D42C62B}.Release|ARM.ActiveCfg = Release|iPhoneSimulator
		{461886D8-D2DC-46D6-9B94-5FEC8D42C62B}.Release|ARM64.ActiveCfg = Release|iPhoneSimulator
		{461886D8-D2DC-46D6-9B94-5FEC8D42C62B}.Release|iPhone.ActiveCfg = Release|iPhoneSimulator
		{461886D8-D2DC-46D6-9B94-5FEC8D42C62B}.Release|iPhone.Build.0 = Release|iPhoneSimulator
		{461886D8-D2DC-46D6-9B94-5FEC8D42C62B}.Release|iPhoneSimulator.ActiveCfg = Release|iPhoneSimulator
		{461886D8-D2DC-46D6-9B94-5FEC8D42C62B}.Release|iPhoneSimulator.Build.0 = Release|iPhoneSimulator
		{461886D8-D2DC-46D6-9B94-5FEC8D42C62B}.Release|x64.ActiveCfg = Release|iPhoneSimulator
		{461886D8-D2DC-46D6-9B94-5FEC8D42C62B}.Release|x64.Build.0 = Release|iPhoneSimulator
		{461886D8-D2DC-46D6-9B94-5FEC8D42C62B}.Release|x86.ActiveCfg = Release|iPhoneSimulator
		{461886D8-D2DC-46D6-9B94-5FEC8D42C62B}.Release|x86.Build.0 = Release|iPhoneSimulator
		{A5B8155A-118F-4794-B551-C6F3CF7E5411}.Debug|Any CPU.ActiveCfg = Debug|Any CPU
		{A5B8155A-118F-4794-B551-C6F3CF7E5411}.Debug|Any CPU.Build.0 = Debug|Any CPU
		{A5B8155A-118F-4794-B551-C6F3CF7E5411}.Debug|ARM.ActiveCfg = Debug|Any CPU
		{A5B8155A-118F-4794-B551-C6F3CF7E5411}.Debug|ARM.Build.0 = Debug|Any CPU
		{A5B8155A-118F-4794-B551-C6F3CF7E5411}.Debug|ARM64.ActiveCfg = Debug|Any CPU
		{A5B8155A-118F-4794-B551-C6F3CF7E5411}.Debug|ARM64.Build.0 = Debug|Any CPU
		{A5B8155A-118F-4794-B551-C6F3CF7E5411}.Debug|iPhone.ActiveCfg = Debug|Any CPU
		{A5B8155A-118F-4794-B551-C6F3CF7E5411}.Debug|iPhone.Build.0 = Debug|Any CPU
		{A5B8155A-118F-4794-B551-C6F3CF7E5411}.Debug|iPhoneSimulator.ActiveCfg = Debug|Any CPU
		{A5B8155A-118F-4794-B551-C6F3CF7E5411}.Debug|iPhoneSimulator.Build.0 = Debug|Any CPU
		{A5B8155A-118F-4794-B551-C6F3CF7E5411}.Debug|x64.ActiveCfg = Debug|Any CPU
		{A5B8155A-118F-4794-B551-C6F3CF7E5411}.Debug|x64.Build.0 = Debug|Any CPU
		{A5B8155A-118F-4794-B551-C6F3CF7E5411}.Debug|x86.ActiveCfg = Debug|Any CPU
		{A5B8155A-118F-4794-B551-C6F3CF7E5411}.Debug|x86.Build.0 = Debug|Any CPU
		{A5B8155A-118F-4794-B551-C6F3CF7E5411}.Release|Any CPU.ActiveCfg = Release|Any CPU
		{A5B8155A-118F-4794-B551-C6F3CF7E5411}.Release|Any CPU.Build.0 = Release|Any CPU
		{A5B8155A-118F-4794-B551-C6F3CF7E5411}.Release|ARM.ActiveCfg = Release|Any CPU
		{A5B8155A-118F-4794-B551-C6F3CF7E5411}.Release|ARM.Build.0 = Release|Any CPU
		{A5B8155A-118F-4794-B551-C6F3CF7E5411}.Release|ARM64.ActiveCfg = Release|Any CPU
		{A5B8155A-118F-4794-B551-C6F3CF7E5411}.Release|ARM64.Build.0 = Release|Any CPU
		{A5B8155A-118F-4794-B551-C6F3CF7E5411}.Release|iPhone.ActiveCfg = Release|Any CPU
		{A5B8155A-118F-4794-B551-C6F3CF7E5411}.Release|iPhone.Build.0 = Release|Any CPU
		{A5B8155A-118F-4794-B551-C6F3CF7E5411}.Release|iPhoneSimulator.ActiveCfg = Release|Any CPU
		{A5B8155A-118F-4794-B551-C6F3CF7E5411}.Release|iPhoneSimulator.Build.0 = Release|Any CPU
		{A5B8155A-118F-4794-B551-C6F3CF7E5411}.Release|x64.ActiveCfg = Release|Any CPU
		{A5B8155A-118F-4794-B551-C6F3CF7E5411}.Release|x64.Build.0 = Release|Any CPU
		{A5B8155A-118F-4794-B551-C6F3CF7E5411}.Release|x86.ActiveCfg = Release|Any CPU
		{A5B8155A-118F-4794-B551-C6F3CF7E5411}.Release|x86.Build.0 = Release|Any CPU
		{1093AFD2-6918-445A-B567-04EA53F71D8E}.Debug|Any CPU.ActiveCfg = Debug|Any CPU
		{1093AFD2-6918-445A-B567-04EA53F71D8E}.Debug|Any CPU.Build.0 = Debug|Any CPU
		{1093AFD2-6918-445A-B567-04EA53F71D8E}.Debug|ARM.ActiveCfg = Debug|Any CPU
		{1093AFD2-6918-445A-B567-04EA53F71D8E}.Debug|ARM.Build.0 = Debug|Any CPU
		{1093AFD2-6918-445A-B567-04EA53F71D8E}.Debug|ARM64.ActiveCfg = Debug|Any CPU
		{1093AFD2-6918-445A-B567-04EA53F71D8E}.Debug|ARM64.Build.0 = Debug|Any CPU
		{1093AFD2-6918-445A-B567-04EA53F71D8E}.Debug|iPhone.ActiveCfg = Debug|Any CPU
		{1093AFD2-6918-445A-B567-04EA53F71D8E}.Debug|iPhone.Build.0 = Debug|Any CPU
		{1093AFD2-6918-445A-B567-04EA53F71D8E}.Debug|iPhoneSimulator.ActiveCfg = Debug|Any CPU
		{1093AFD2-6918-445A-B567-04EA53F71D8E}.Debug|iPhoneSimulator.Build.0 = Debug|Any CPU
		{1093AFD2-6918-445A-B567-04EA53F71D8E}.Debug|x64.ActiveCfg = Debug|Any CPU
		{1093AFD2-6918-445A-B567-04EA53F71D8E}.Debug|x64.Build.0 = Debug|Any CPU
		{1093AFD2-6918-445A-B567-04EA53F71D8E}.Debug|x86.ActiveCfg = Debug|Any CPU
		{1093AFD2-6918-445A-B567-04EA53F71D8E}.Debug|x86.Build.0 = Debug|Any CPU
		{1093AFD2-6918-445A-B567-04EA53F71D8E}.Release|Any CPU.ActiveCfg = Release|Any CPU
		{1093AFD2-6918-445A-B567-04EA53F71D8E}.Release|Any CPU.Build.0 = Release|Any CPU
		{1093AFD2-6918-445A-B567-04EA53F71D8E}.Release|ARM.ActiveCfg = Release|Any CPU
		{1093AFD2-6918-445A-B567-04EA53F71D8E}.Release|ARM.Build.0 = Release|Any CPU
		{1093AFD2-6918-445A-B567-04EA53F71D8E}.Release|ARM64.ActiveCfg = Release|Any CPU
		{1093AFD2-6918-445A-B567-04EA53F71D8E}.Release|ARM64.Build.0 = Release|Any CPU
		{1093AFD2-6918-445A-B567-04EA53F71D8E}.Release|iPhone.ActiveCfg = Release|Any CPU
		{1093AFD2-6918-445A-B567-04EA53F71D8E}.Release|iPhone.Build.0 = Release|Any CPU
		{1093AFD2-6918-445A-B567-04EA53F71D8E}.Release|iPhoneSimulator.ActiveCfg = Release|Any CPU
		{1093AFD2-6918-445A-B567-04EA53F71D8E}.Release|iPhoneSimulator.Build.0 = Release|Any CPU
		{1093AFD2-6918-445A-B567-04EA53F71D8E}.Release|x64.ActiveCfg = Release|Any CPU
		{1093AFD2-6918-445A-B567-04EA53F71D8E}.Release|x64.Build.0 = Release|Any CPU
		{1093AFD2-6918-445A-B567-04EA53F71D8E}.Release|x86.ActiveCfg = Release|Any CPU
		{1093AFD2-6918-445A-B567-04EA53F71D8E}.Release|x86.Build.0 = Release|Any CPU
		{6CF284A4-22B1-4F05-97F4-F095C07A598E}.Debug|Any CPU.ActiveCfg = Debug|Any CPU
		{6CF284A4-22B1-4F05-97F4-F095C07A598E}.Debug|Any CPU.Build.0 = Debug|Any CPU
		{6CF284A4-22B1-4F05-97F4-F095C07A598E}.Debug|ARM.ActiveCfg = Debug|Any CPU
		{6CF284A4-22B1-4F05-97F4-F095C07A598E}.Debug|ARM.Build.0 = Debug|Any CPU
		{6CF284A4-22B1-4F05-97F4-F095C07A598E}.Debug|ARM64.ActiveCfg = Debug|Any CPU
		{6CF284A4-22B1-4F05-97F4-F095C07A598E}.Debug|ARM64.Build.0 = Debug|Any CPU
		{6CF284A4-22B1-4F05-97F4-F095C07A598E}.Debug|iPhone.ActiveCfg = Debug|Any CPU
		{6CF284A4-22B1-4F05-97F4-F095C07A598E}.Debug|iPhone.Build.0 = Debug|Any CPU
		{6CF284A4-22B1-4F05-97F4-F095C07A598E}.Debug|iPhoneSimulator.ActiveCfg = Debug|Any CPU
		{6CF284A4-22B1-4F05-97F4-F095C07A598E}.Debug|iPhoneSimulator.Build.0 = Debug|Any CPU
		{6CF284A4-22B1-4F05-97F4-F095C07A598E}.Debug|x64.ActiveCfg = Debug|Any CPU
		{6CF284A4-22B1-4F05-97F4-F095C07A598E}.Debug|x64.Build.0 = Debug|Any CPU
		{6CF284A4-22B1-4F05-97F4-F095C07A598E}.Debug|x86.ActiveCfg = Debug|Any CPU
		{6CF284A4-22B1-4F05-97F4-F095C07A598E}.Debug|x86.Build.0 = Debug|Any CPU
		{6CF284A4-22B1-4F05-97F4-F095C07A598E}.Release|Any CPU.ActiveCfg = Release|Any CPU
		{6CF284A4-22B1-4F05-97F4-F095C07A598E}.Release|Any CPU.Build.0 = Release|Any CPU
		{6CF284A4-22B1-4F05-97F4-F095C07A598E}.Release|ARM.ActiveCfg = Release|Any CPU
		{6CF284A4-22B1-4F05-97F4-F095C07A598E}.Release|ARM.Build.0 = Release|Any CPU
		{6CF284A4-22B1-4F05-97F4-F095C07A598E}.Release|ARM64.ActiveCfg = Release|Any CPU
		{6CF284A4-22B1-4F05-97F4-F095C07A598E}.Release|ARM64.Build.0 = Release|Any CPU
		{6CF284A4-22B1-4F05-97F4-F095C07A598E}.Release|iPhone.ActiveCfg = Release|Any CPU
		{6CF284A4-22B1-4F05-97F4-F095C07A598E}.Release|iPhone.Build.0 = Release|Any CPU
		{6CF284A4-22B1-4F05-97F4-F095C07A598E}.Release|iPhoneSimulator.ActiveCfg = Release|Any CPU
		{6CF284A4-22B1-4F05-97F4-F095C07A598E}.Release|iPhoneSimulator.Build.0 = Release|Any CPU
		{6CF284A4-22B1-4F05-97F4-F095C07A598E}.Release|x64.ActiveCfg = Release|Any CPU
		{6CF284A4-22B1-4F05-97F4-F095C07A598E}.Release|x64.Build.0 = Release|Any CPU
		{6CF284A4-22B1-4F05-97F4-F095C07A598E}.Release|x86.ActiveCfg = Release|Any CPU
		{6CF284A4-22B1-4F05-97F4-F095C07A598E}.Release|x86.Build.0 = Release|Any CPU
		{9AED22A6-77DC-4799-BAE7-5F26F2070BD2}.Debug|Any CPU.ActiveCfg = Debug|Any CPU
		{9AED22A6-77DC-4799-BAE7-5F26F2070BD2}.Debug|Any CPU.Build.0 = Debug|Any CPU
		{9AED22A6-77DC-4799-BAE7-5F26F2070BD2}.Debug|ARM.ActiveCfg = Debug|Any CPU
		{9AED22A6-77DC-4799-BAE7-5F26F2070BD2}.Debug|ARM.Build.0 = Debug|Any CPU
		{9AED22A6-77DC-4799-BAE7-5F26F2070BD2}.Debug|ARM64.ActiveCfg = Debug|Any CPU
		{9AED22A6-77DC-4799-BAE7-5F26F2070BD2}.Debug|ARM64.Build.0 = Debug|Any CPU
		{9AED22A6-77DC-4799-BAE7-5F26F2070BD2}.Debug|iPhone.ActiveCfg = Debug|Any CPU
		{9AED22A6-77DC-4799-BAE7-5F26F2070BD2}.Debug|iPhone.Build.0 = Debug|Any CPU
		{9AED22A6-77DC-4799-BAE7-5F26F2070BD2}.Debug|iPhoneSimulator.ActiveCfg = Debug|Any CPU
		{9AED22A6-77DC-4799-BAE7-5F26F2070BD2}.Debug|iPhoneSimulator.Build.0 = Debug|Any CPU
		{9AED22A6-77DC-4799-BAE7-5F26F2070BD2}.Debug|x64.ActiveCfg = Debug|Any CPU
		{9AED22A6-77DC-4799-BAE7-5F26F2070BD2}.Debug|x64.Build.0 = Debug|Any CPU
		{9AED22A6-77DC-4799-BAE7-5F26F2070BD2}.Debug|x86.ActiveCfg = Debug|Any CPU
		{9AED22A6-77DC-4799-BAE7-5F26F2070BD2}.Debug|x86.Build.0 = Debug|Any CPU
		{9AED22A6-77DC-4799-BAE7-5F26F2070BD2}.Release|Any CPU.ActiveCfg = Release|Any CPU
		{9AED22A6-77DC-4799-BAE7-5F26F2070BD2}.Release|Any CPU.Build.0 = Release|Any CPU
		{9AED22A6-77DC-4799-BAE7-5F26F2070BD2}.Release|ARM.ActiveCfg = Release|Any CPU
		{9AED22A6-77DC-4799-BAE7-5F26F2070BD2}.Release|ARM.Build.0 = Release|Any CPU
		{9AED22A6-77DC-4799-BAE7-5F26F2070BD2}.Release|ARM64.ActiveCfg = Release|Any CPU
		{9AED22A6-77DC-4799-BAE7-5F26F2070BD2}.Release|ARM64.Build.0 = Release|Any CPU
		{9AED22A6-77DC-4799-BAE7-5F26F2070BD2}.Release|iPhone.ActiveCfg = Release|Any CPU
		{9AED22A6-77DC-4799-BAE7-5F26F2070BD2}.Release|iPhone.Build.0 = Release|Any CPU
		{9AED22A6-77DC-4799-BAE7-5F26F2070BD2}.Release|iPhoneSimulator.ActiveCfg = Release|Any CPU
		{9AED22A6-77DC-4799-BAE7-5F26F2070BD2}.Release|iPhoneSimulator.Build.0 = Release|Any CPU
		{9AED22A6-77DC-4799-BAE7-5F26F2070BD2}.Release|x64.ActiveCfg = Release|Any CPU
		{9AED22A6-77DC-4799-BAE7-5F26F2070BD2}.Release|x64.Build.0 = Release|Any CPU
		{9AED22A6-77DC-4799-BAE7-5F26F2070BD2}.Release|x86.ActiveCfg = Release|Any CPU
		{9AED22A6-77DC-4799-BAE7-5F26F2070BD2}.Release|x86.Build.0 = Release|Any CPU
		{761D821E-9905-4444-9ADF-76C995FE5427}.Debug|Any CPU.ActiveCfg = Debug|Any CPU
		{761D821E-9905-4444-9ADF-76C995FE5427}.Debug|Any CPU.Build.0 = Debug|Any CPU
		{761D821E-9905-4444-9ADF-76C995FE5427}.Debug|ARM.ActiveCfg = Debug|Any CPU
		{761D821E-9905-4444-9ADF-76C995FE5427}.Debug|ARM.Build.0 = Debug|Any CPU
		{761D821E-9905-4444-9ADF-76C995FE5427}.Debug|ARM64.ActiveCfg = Debug|Any CPU
		{761D821E-9905-4444-9ADF-76C995FE5427}.Debug|ARM64.Build.0 = Debug|Any CPU
		{761D821E-9905-4444-9ADF-76C995FE5427}.Debug|iPhone.ActiveCfg = Debug|Any CPU
		{761D821E-9905-4444-9ADF-76C995FE5427}.Debug|iPhone.Build.0 = Debug|Any CPU
		{761D821E-9905-4444-9ADF-76C995FE5427}.Debug|iPhoneSimulator.ActiveCfg = Debug|Any CPU
		{761D821E-9905-4444-9ADF-76C995FE5427}.Debug|iPhoneSimulator.Build.0 = Debug|Any CPU
		{761D821E-9905-4444-9ADF-76C995FE5427}.Debug|x64.ActiveCfg = Debug|Any CPU
		{761D821E-9905-4444-9ADF-76C995FE5427}.Debug|x64.Build.0 = Debug|Any CPU
		{761D821E-9905-4444-9ADF-76C995FE5427}.Debug|x86.ActiveCfg = Debug|Any CPU
		{761D821E-9905-4444-9ADF-76C995FE5427}.Debug|x86.Build.0 = Debug|Any CPU
		{761D821E-9905-4444-9ADF-76C995FE5427}.Release|Any CPU.ActiveCfg = Release|Any CPU
		{761D821E-9905-4444-9ADF-76C995FE5427}.Release|Any CPU.Build.0 = Release|Any CPU
		{761D821E-9905-4444-9ADF-76C995FE5427}.Release|ARM.ActiveCfg = Release|Any CPU
		{761D821E-9905-4444-9ADF-76C995FE5427}.Release|ARM.Build.0 = Release|Any CPU
		{761D821E-9905-4444-9ADF-76C995FE5427}.Release|ARM64.ActiveCfg = Release|Any CPU
		{761D821E-9905-4444-9ADF-76C995FE5427}.Release|ARM64.Build.0 = Release|Any CPU
		{761D821E-9905-4444-9ADF-76C995FE5427}.Release|iPhone.ActiveCfg = Release|Any CPU
		{761D821E-9905-4444-9ADF-76C995FE5427}.Release|iPhone.Build.0 = Release|Any CPU
		{761D821E-9905-4444-9ADF-76C995FE5427}.Release|iPhoneSimulator.ActiveCfg = Release|Any CPU
		{761D821E-9905-4444-9ADF-76C995FE5427}.Release|iPhoneSimulator.Build.0 = Release|Any CPU
		{761D821E-9905-4444-9ADF-76C995FE5427}.Release|x64.ActiveCfg = Release|Any CPU
		{761D821E-9905-4444-9ADF-76C995FE5427}.Release|x64.Build.0 = Release|Any CPU
		{761D821E-9905-4444-9ADF-76C995FE5427}.Release|x86.ActiveCfg = Release|Any CPU
		{761D821E-9905-4444-9ADF-76C995FE5427}.Release|x86.Build.0 = Release|Any CPU
	EndGlobalSection
	GlobalSection(SolutionProperties) = preSolution
		HideSolutionNode = FALSE
	EndGlobalSection
	GlobalSection(ExtensibilityGlobals) = postSolution
		SolutionGuid = {C7433AE2-B1A0-4C1A-887E-5CAA7AAF67A6}
	EndGlobalSection
	GlobalSection(SharedMSBuildProjectFiles) = preSolution
		MyApp.Shared\MyApp.Shared.projitems*{1093afd2-6918-445a-b567-04ea53f71d8e}*SharedItemsImports = 5
		MyApp.Shared\MyApp.Shared.projitems*{393c9809-6f07-4008-8619-c6b290744b60}*SharedItemsImports = 4
		MyApp.Shared\MyApp.Shared.projitems*{40ea03f7-8a22-4143-b251-79bac3eb13d2}*SharedItemsImports = 5
		MyApp.Shared\MyApp.Shared.projitems*{461886d8-d2dc-46d6-9b94-5fec8d42c62b}*SharedItemsImports = 4
		MyApp.Shared\MyApp.Shared.projitems*{6279c845-92f8-4333-ab99-3d213163593c}*SharedItemsImports = 13
		MyApp.Shared\MyApp.Shared.projitems*{761d821e-9905-4444-9adf-76c995fe5427}*SharedItemsImports = 5
		MyApp.Shared\MyApp.Shared.projitems*{9aed22a6-77dc-4799-bae7-5f26f2070bd2}*SharedItemsImports = 5
		MyApp.Shared\MyApp.Shared.projitems*{a5b8155a-118f-4794-b551-c6f3cf7e5411}*SharedItemsImports = 5
		MyApp.Shared\MyApp.Shared.projitems*{c4e2712a-a40b-4b60-85f8-61761baccca5}*SharedItemsImports = 4
		MyApp.Shared\MyApp.Shared.projitems*{ee4adf09-f369-4b6b-aeee-943ed0a66583}*SharedItemsImports = 4
	EndGlobalSection
EndGlobal
